{"format_version":"1.0","provider_schemas":{"registry.terraform.io/grafana/grafana":{"provider":{"version":0,"block":{"attributes":{"auth":{"type":"string","description":"API token or basic auth username:password. May alternatively be set via the `GRAFANA_AUTH` environment variable.","description_kind":"markdown","optional":true,"sensitive":true},"ca_cert":{"type":"string","description":"Certificate CA bundle to use to verify the Grafana server's certificate. May alternatively be set via the `GRAFANA_CA_CERT` environment variable.","description_kind":"markdown","optional":true},"cloud_api_key":{"type":"string","description":"API key for Grafana Cloud. May alternatively be set via the `GRAFANA_CLOUD_API_KEY` environment variable.","description_kind":"markdown","optional":true,"sensitive":true},"cloud_api_url":{"type":"string","description":"Grafana Cloud's API URL. May alternatively be set via the `GRAFANA_CLOUD_API_URL` environment variable.","description_kind":"markdown","optional":true},"http_headers":{"type":["map","string"],"description":"Optional. HTTP headers mapping keys to values used for accessing the Grafana API. May alternatively be set via the `GRAFANA_HTTP_HEADERS` environment variable in JSON format.","description_kind":"markdown","optional":true,"sensitive":true},"insecure_skip_verify":{"type":"bool","description":"Skip TLS certificate verification. May alternatively be set via the `GRAFANA_INSECURE_SKIP_VERIFY` environment variable.","description_kind":"markdown","optional":true},"org_id":{"type":"number","description":"The organization id to operate on within grafana. May alternatively be set via the `GRAFANA_ORG_ID` environment variable.","description_kind":"markdown","optional":true},"retries":{"type":"number","description":"The amount of retries to use for Grafana API calls. May alternatively be set via the `GRAFANA_RETRIES` environment variable.","description_kind":"markdown","optional":true},"sm_access_token":{"type":"string","description":"A Synthetic Monitoring access token. May alternatively be set via the `GRAFANA_SM_ACCESS_TOKEN` environment variable.","description_kind":"markdown","optional":true,"sensitive":true},"sm_url":{"type":"string","description":"Synthetic monitoring backend address. May alternatively be set via the `GRAFANA_SM_URL` environment variable.","description_kind":"markdown","optional":true},"store_dashboard_sha256":{"type":"bool","description":"Set to true if you want to save only the sha256sum instead of complete dashboard model JSON in the tfstate.","description_kind":"markdown","optional":true},"tls_cert":{"type":"string","description":"Client TLS certificate file to use to authenticate to the Grafana server. May alternatively be set via the `GRAFANA_TLS_CERT` environment variable.","description_kind":"markdown","optional":true},"tls_key":{"type":"string","description":"Client TLS key file to use to authenticate to the Grafana server. May alternatively be set via the `GRAFANA_TLS_KEY` environment variable.","description_kind":"markdown","optional":true},"url":{"type":"string","description":"The root URL of a Grafana server. May alternatively be set via the `GRAFANA_URL` environment variable.","description_kind":"markdown","optional":true}},"description_kind":"plain"}},"resource_schemas":{"grafana_alert_notification":{"version":0,"block":{"attributes":{"disable_resolve_message":{"type":"bool","description":"Whether to disable sending resolve messages. Defaults to `false`.","description_kind":"markdown","optional":true},"frequency":{"type":"string","description":"Frequency of alert reminders. Frequency must be set if reminders are enabled. Defaults to ``.","description_kind":"markdown","optional":true},"id":{"type":"string","description_kind":"plain","optional":true,"computed":true},"is_default":{"type":"bool","description":"Is this the default channel for all your alerts. Defaults to `false`.","description_kind":"markdown","optional":true},"name":{"type":"string","description":"The name of the alert notification channel.","description_kind":"markdown","required":true},"secure_settings":{"type":["map","string"],"description":"Additional secure settings, for full reference lookup [Grafana Supported Settings documentation](https://grafana.com/docs/grafana/latest/administration/provisioning/#supported-settings).","description_kind":"markdown","optional":true,"sensitive":true},"send_reminder":{"type":"bool","description":"Whether to send reminders for triggered alerts. Defaults to `false`.","description_kind":"markdown","optional":true},"settings":{"type":["map","string"],"description":"Additional settings, for full reference see [Grafana HTTP API documentation](https://grafana.com/docs/grafana/latest/http_api/alerting_notification_channels/).","description_kind":"markdown","optional":true},"type":{"type":"string","description":"The type of the alert notification channel.","description_kind":"markdown","required":true},"uid":{"type":"string","description":"Unique identifier. If unset, this will be automatically generated.","description_kind":"markdown","optional":true,"computed":true}},"description":"\n* [Official documentation](https://grafana.com/docs/grafana/latest/alerting/notifications/)\n* [HTTP API](https://grafana.com/docs/grafana/latest/http_api/alerting_notification_channels/)\n","description_kind":"markdown"}},"grafana_api_key":{"version":0,"block":{"attributes":{"cloud_stack_slug":{"type":"string","description":"If set, the API key will be created for the given Cloud stack. This can be used to bootstrap a management API key for a new stack. **Note**: This requires a cloud token to be configured.","description_kind":"markdown","optional":true},"expiration":{"type":"string","description_kind":"plain","computed":true},"id":{"type":"string","description_kind":"plain","computed":true},"key":{"type":"string","description_kind":"plain","computed":true,"sensitive":true},"name":{"type":"string","description_kind":"plain","required":true},"role":{"type":"string","description_kind":"plain","required":true},"seconds_to_live":{"type":"number","description_kind":"plain","optional":true}},"description":"\nManages Grafana API Keys.\n\n* [HTTP API](https://grafana.com/docs/grafana/latest/http_api/auth/)\n","description_kind":"markdown"}},"grafana_builtin_role_assignment":{"version":0,"block":{"attributes":{"builtin_role":{"type":"string","description":"Organization roles (`Viewer`, `Editor`, `Admin`) or `Grafana Admin` to assign the roles to.","description_kind":"markdown","required":true},"id":{"type":"string","description_kind":"plain","optional":true,"computed":true}},"block_types":{"roles":{"nesting_mode":"set","block":{"attributes":{"global":{"type":"bool","description":"States whether the assignment is available across all organizations or not. Defaults to `false`.","description_kind":"markdown","optional":true},"uid":{"type":"string","description":"Unique identifier of the role to assign to `builtin_role`.","description_kind":"markdown","required":true}},"description":"Fixed or custom roles which provide granular access for specific resources within Grafana.","description_kind":"markdown"},"min_items":1}},"description":"\n**Note:** This resource is available only with Grafana Enterprise 8.+.\n\n* [Official documentation](https://grafana.com/docs/grafana/latest/enterprise/access-control/)\n* [HTTP API](https://grafana.com/docs/grafana/latest/http_api/access_control/)\n","description_kind":"markdown"}},"grafana_cloud_api_key":{"version":0,"block":{"attributes":{"cloud_org_slug":{"type":"string","description":"The slug of the organization to create the API key in. This is the same slug as the organization name in the URL.","description_kind":"markdown","required":true},"id":{"type":"string","description_kind":"plain","optional":true,"computed":true},"key":{"type":"string","description":"The generated API key.","description_kind":"markdown","computed":true,"sensitive":true},"name":{"type":"string","description":"Name of the API key.","description_kind":"markdown","required":true},"role":{"type":"string","description":"Role of the API key. Should be one of [Viewer Editor Admin MetricsPublisher PluginPublisher]. See https://grafana.com/docs/grafana-cloud/api/#create-api-key for details.","description_kind":"markdown","required":true}},"description":"Manages a single API key on the Grafana Cloud portal (on the organization level)\n* [API documentation](https://grafana.com/docs/grafana-cloud/reference/cloud-api/#api-keys)\n","description_kind":"markdown"}},"grafana_cloud_stack":{"version":0,"block":{"attributes":{"alertmanager_name":{"type":"string","description":"Name of the Alertmanager instance configured for this stack.","description_kind":"markdown","computed":true},"alertmanager_status":{"type":"string","description":"Status of the Alertmanager instance configured for this stack.","description_kind":"markdown","computed":true},"alertmanager_url":{"type":"string","description":"Base URL of the Alertmanager instance configured for this stack.","description_kind":"markdown","computed":true},"alertmanager_user_id":{"type":"number","description":"User ID of the Alertmanager instance configured for this stack.","description_kind":"markdown","computed":true},"description":{"type":"string","description":"Description of stack.","description_kind":"markdown","optional":true},"id":{"type":"string","description":"The stack id assigned to this stack by Grafana.","description_kind":"markdown","computed":true},"logs_name":{"type":"string","description_kind":"plain","computed":true},"logs_status":{"type":"string","description_kind":"plain","computed":true},"logs_url":{"type":"string","description_kind":"plain","computed":true},"logs_user_id":{"type":"number","description_kind":"plain","computed":true},"name":{"type":"string","description":"Name of stack. Conventionally matches the url of the instance (e.g. “\u003cstack_slug\u003e.grafana.net”).","description_kind":"markdown","required":true},"org_id":{"type":"number","description":"Organization id to assign to this stack.","description_kind":"markdown","computed":true},"org_name":{"type":"string","description":"Organization name to assign to this stack.","description_kind":"markdown","computed":true},"org_slug":{"type":"string","description":"Organization slug to assign to this stack.","description_kind":"markdown","computed":true},"prometheus_name":{"type":"string","description":"Prometheus name for this instance.","description_kind":"markdown","computed":true},"prometheus_remote_endpoint":{"type":"string","description":"Use this URL to query hosted metrics data e.g. Prometheus data source in Grafana","description_kind":"markdown","computed":true},"prometheus_remote_write_endpoint":{"type":"string","description":"Use this URL to send prometheus metrics to Grafana cloud","description_kind":"markdown","computed":true},"prometheus_status":{"type":"string","description":"Prometheus status for this instance.","description_kind":"markdown","computed":true},"prometheus_url":{"type":"string","description":"Prometheus url for this instance.","description_kind":"markdown","computed":true},"prometheus_user_id":{"type":"number","description":"Promehteus user ID. Used for e.g. remote_write.","description_kind":"markdown","computed":true},"region_slug":{"type":"string","description":"Region slug to assign to this stack.\nChanging region will destroy the existing stack and create a new one in the desired region","description_kind":"markdown","optional":true},"slug":{"type":"string","description":"Subdomain that the Grafana instance will be available at (i.e. setting slug to “\u003cstack_slug\u003e” will make the instance\navailable at “https://\u003cstack_slug\u003e.grafana.net\".","description_kind":"markdown","required":true},"status":{"type":"string","description":"Status of the stack.","description_kind":"markdown","computed":true},"url":{"type":"string","description":"Custom URL for the Grafana instance. Must have a CNAME setup to point to `.grafana.net` before creating the stack","description_kind":"markdown","optional":true,"computed":true},"wait_for_readiness":{"type":"bool","description":"Whether to wait for readiness of the stack after creating it. The check is a HEAD request to the stack URL (Grafana instance). Defaults to `true`.","description_kind":"markdown","optional":true}},"description":"\n* [Official documentation](https://grafana.com/docs/grafana-cloud/reference/cloud-api/#stacks/)\n","description_kind":"markdown"}},"grafana_dashboard":{"version":1,"block":{"attributes":{"config_json":{"type":"string","description":"The complete dashboard model JSON.","description_kind":"markdown","required":true},"dashboard_id":{"type":"number","description":"The numeric ID of the dashboard computed by Grafana.","description_kind":"markdown","computed":true},"folder":{"type":"number","description":"The id of the folder to save the dashboard in.","description_kind":"markdown","optional":true},"id":{"type":"string","description_kind":"plain","optional":true,"computed":true},"message":{"type":"string","description":"Set a commit message for the version history.","description_kind":"markdown","optional":true},"overwrite":{"type":"bool","description":"Set to true if you want to overwrite existing dashboard with newer version, same dashboard title in folder or same dashboard uid.","description_kind":"markdown","optional":true},"slug":{"type":"string","description":"URL friendly version of the dashboard title. This field is deprecated, please use `uid` instead.","description_kind":"markdown","deprecated":true,"computed":true},"uid":{"type":"string","description":"The unique identifier of a dashboard. This is used to construct its URL. It’s automatically generated if not provided when creating a dashboard. The uid allows having consistent URLs for accessing dashboards and when syncing dashboards between multiple Grafana installs.","description_kind":"markdown","computed":true},"version":{"type":"number","description":"Whenever you save a version of your dashboard, a copy of that version is saved so that previous versions of your dashboard are not lost.","description_kind":"markdown","computed":true}},"description":"\nManages Grafana dashboards.\n\n* [Official documentation](https://grafana.com/docs/grafana/latest/dashboards/)\n* [HTTP API](https://grafana.com/docs/grafana/latest/http_api/dashboard/)\n","description_kind":"markdown"}},"grafana_dashboard_permission":{"version":0,"block":{"attributes":{"dashboard_id":{"type":"number","description":"ID of the dashboard to apply permissions to.","description_kind":"markdown","required":true},"id":{"type":"string","description_kind":"plain","optional":true,"computed":true}},"block_types":{"permissions":{"nesting_mode":"set","block":{"attributes":{"permission":{"type":"string","description":"Permission to associate with item. Must be one of `View`, `Edit`, or `Admin`.","description_kind":"markdown","required":true},"role":{"type":"string","description":"Manage permissions for `Viewer` or `Editor` roles.","description_kind":"markdown","optional":true},"team_id":{"type":"number","description":"ID of the team to manage permissions for. Defaults to `0`.","description_kind":"markdown","optional":true},"user_id":{"type":"number","description":"ID of the user to manage permissions for. Defaults to `0`.","description_kind":"markdown","optional":true}},"description":"The permission items to add/update. Items that are omitted from the list will be removed.","description_kind":"markdown"},"min_items":1}},"description":"\n* [Official documentation](https://grafana.com/docs/grafana/latest/permissions/dashboard_folder_permissions/)\n* [HTTP API](https://grafana.com/docs/grafana/latest/http_api/dashboard_permissions/)\n","description_kind":"markdown"}},"grafana_data_source":{"version":1,"block":{"attributes":{"access_mode":{"type":"string","description":"The method by which Grafana will access the data source: `proxy` or `direct`. Defaults to `proxy`.","description_kind":"markdown","optional":true},"basic_auth_enabled":{"type":"bool","description":"Whether to enable basic auth for the data source. Defaults to `false`.","description_kind":"markdown","optional":true},"basic_auth_password":{"type":"string","description":"Basic auth password. Defaults to ``.","description_kind":"markdown","optional":true,"sensitive":true},"basic_auth_username":{"type":"string","description":"Basic auth username. Defaults to ``.","description_kind":"markdown","optional":true},"database_name":{"type":"string","description":"(Required by some data source types) The name of the database to use on the selected data source server. Defaults to ``.","description_kind":"markdown","optional":true},"http_headers":{"type":["map","string"],"description":"Custom HTTP headers","description_kind":"markdown","optional":true,"sensitive":true},"id":{"type":"string","description_kind":"plain","optional":true,"computed":true},"is_default":{"type":"bool","description":"Whether to set the data source as default. This should only be `true` to a single data source. Defaults to `false`.","description_kind":"markdown","optional":true},"name":{"type":"string","description":"A unique name for the data source.","description_kind":"markdown","required":true},"password":{"type":"string","description":"(Required by some data source types) The password to use to authenticate to the data source. Defaults to ``.","description_kind":"markdown","optional":true,"sensitive":true},"type":{"type":"string","description":"The data source type. Must be one of the supported data source keywords.","description_kind":"markdown","required":true},"uid":{"type":"string","description":"Unique identifier. If unset, this will be automatically generated.","description_kind":"markdown","optional":true,"computed":true},"url":{"type":"string","description":"The URL for the data source. The type of URL required varies depending on the chosen data source type.","description_kind":"markdown","optional":true},"username":{"type":"string","description":"(Required by some data source types) The username to use to authenticate to the data source. Defaults to ``.","description_kind":"markdown","optional":true}},"block_types":{"json_data":{"nesting_mode":"list","block":{"attributes":{"assume_role_arn":{"type":"string","description":"(CloudWatch, Athena) The ARN of the role to be assumed by Grafana when using the CloudWatch or Athena data source.","description_kind":"markdown","optional":true},"auth_type":{"type":"string","description":"(CloudWatch, Athena) The authentication type used to access the data source.","description_kind":"markdown","optional":true},"authentication_type":{"type":"string","description":"(Stackdriver) The authentication type: `jwt` or `gce`.","description_kind":"markdown","optional":true},"catalog":{"type":"string","description":"(Athena) Athena catalog.","description_kind":"markdown","optional":true},"client_email":{"type":"string","description":"(Stackdriver) Service account email address.","description_kind":"markdown","optional":true},"conn_max_lifetime":{"type":"number","description":"(MySQL, PostgreSQL, and MSSQL) Maximum amount of time in seconds a connection may be reused (Grafana v5.4+).","description_kind":"markdown","optional":true},"custom_metrics_namespaces":{"type":"string","description":"(CloudWatch) A comma-separated list of custom namespaces to be queried by the CloudWatch data source.","description_kind":"markdown","optional":true},"database":{"type":"string","description":"(Athena) Name of the database within the catalog.","description_kind":"markdown","optional":true},"default_bucket":{"type":"string","description":"(InfluxDB) The default bucket for the data source.","description_kind":"markdown","optional":true},"default_project":{"type":"string","description":"(Stackdriver) The default project for the data source.","description_kind":"markdown","optional":true},"default_region":{"type":"string","description":"(CloudWatch, Athena) The default region for the data source.","description_kind":"markdown","optional":true},"encrypt":{"type":"string","description":"(MSSQL) Connection SSL encryption handling: 'disable', 'false' or 'true'.","description_kind":"markdown","optional":true},"es_version":{"type":"string","description":"(Elasticsearch) Elasticsearch semantic version (Grafana v8.0+).","description_kind":"markdown","optional":true},"external_id":{"type":"string","description":"(CloudWatch, Athena) If you are assuming a role in another account, that has been created with an external ID, specify the external ID here.","description_kind":"markdown","optional":true},"github_url":{"type":"string","description":"(Github) Github URL","description_kind":"markdown","optional":true},"graphite_version":{"type":"string","description":"(Graphite) Graphite version.","description_kind":"markdown","optional":true},"http_method":{"type":"string","description":"(Prometheus) HTTP method to use for making requests.","description_kind":"markdown","optional":true},"interval":{"type":"string","description":"(Elasticsearch) Index date time format. nil(No Pattern), 'Hourly', 'Daily', 'Weekly', 'Monthly' or 'Yearly'.","description_kind":"markdown","optional":true},"log_level_field":{"type":"string","description":"(Elasticsearch) Which field should be used to indicate the priority of the log message.","description_kind":"markdown","optional":true},"log_message_field":{"type":"string","description":"(Elasticsearch) Which field should be used as the log message.","description_kind":"markdown","optional":true},"max_concurrent_shard_requests":{"type":"number","description":"(Elasticsearch) Maximum number of concurrent shard requests.","description_kind":"markdown","optional":true},"max_idle_conns":{"type":"number","description":"(MySQL, PostgreSQL and MSSQL) Maximum number of connections in the idle connection pool (Grafana v5.4+).","description_kind":"markdown","optional":true},"max_lines":{"type":"number","description":"(Loki) Upper limit for the number of log lines returned by Loki","description_kind":"markdown","optional":true},"max_open_conns":{"type":"number","description":"(MySQL, PostgreSQL and MSSQL) Maximum number of open connections to the database (Grafana v5.4+).","description_kind":"markdown","optional":true},"org_slug":{"type":"string","description":"(Sentry) Organization slug.","description_kind":"markdown","optional":true},"organization":{"type":"string","description":"(InfluxDB) An organization is a workspace for a group of users. All dashboards, tasks, buckets, members, etc., belong to an organization.","description_kind":"markdown","optional":true},"output_location":{"type":"string","description":"(Athena) AWS S3 bucket to store execution outputs. If not specified, the default query result location from the Workgroup configuration will be used.","description_kind":"markdown","optional":true},"postgres_version":{"type":"number","description":"(PostgreSQL) Postgres version as a number (903/904/905/906/1000) meaning v9.3, v9.4, etc.","description_kind":"markdown","optional":true},"profile":{"type":"string","description":"(CloudWatch, Athena) The credentials profile name to use when authentication type is set as 'Credentials file'.","description_kind":"markdown","optional":true},"query_timeout":{"type":"string","description":"(Prometheus) Timeout for queries made to the Prometheus data source in seconds.","description_kind":"markdown","optional":true},"sigv4_assume_role_arn":{"type":"string","description":"(Elasticsearch and Prometheus) Specifies the ARN of an IAM role to assume.","description_kind":"markdown","optional":true},"sigv4_auth":{"type":"bool","description":"(Elasticsearch and Prometheus) Enable usage of SigV4.","description_kind":"markdown","optional":true},"sigv4_auth_type":{"type":"string","description":"(Elasticsearch and Prometheus) The Sigv4 authentication provider to use: 'default', 'credentials' or 'keys' (AMG: 'workspace-iam-role').","description_kind":"markdown","optional":true},"sigv4_external_id":{"type":"string","description":"(Elasticsearch and Prometheus) When assuming a role in another account use this external ID.","description_kind":"markdown","optional":true},"sigv4_profile":{"type":"string","description":"(Elasticsearch and Prometheus) Credentials profile name, leave blank for default.","description_kind":"markdown","optional":true},"sigv4_region":{"type":"string","description":"(Elasticsearch and Prometheus) AWS region to use for Sigv4.","description_kind":"markdown","optional":true},"ssl_mode":{"type":"string","description":"(PostgreSQL) SSLmode. 'disable', 'require', 'verify-ca' or 'verify-full'.","description_kind":"markdown","optional":true},"time_field":{"type":"string","description":"(Elasticsearch) Which field that should be used as timestamp.","description_kind":"markdown","optional":true},"time_interval":{"type":"string","description":"(Prometheus, Elasticsearch, InfluxDB, MySQL, PostgreSQL, and MSSQL) Lowest interval/step value that should be used for this data source.","description_kind":"markdown","optional":true},"timescaledb":{"type":"bool","description":"(PostgreSQL) Enable usage of TimescaleDB extension.","description_kind":"markdown","optional":true},"tls_auth":{"type":"bool","description":"(All) Enable TLS authentication using client cert configured in secure json data.","description_kind":"markdown","optional":true},"tls_auth_with_ca_cert":{"type":"bool","description":"(All) Enable TLS authentication using CA cert.","description_kind":"markdown","optional":true},"tls_configuration_method":{"type":"string","description":"(All) SSL Certificate configuration, either by ‘file-path’ or ‘file-content’.","description_kind":"markdown","optional":true},"tls_skip_verify":{"type":"bool","description":"(All) Controls whether a client verifies the server’s certificate chain and host name.","description_kind":"markdown","optional":true},"token_uri":{"type":"string","description":"(Stackdriver) The token URI used, provided in the service account key.","description_kind":"markdown","optional":true},"tsdb_resolution":{"type":"number","description":"(OpenTSDB) Resolution.","description_kind":"markdown","optional":true},"tsdb_version":{"type":"number","description":"(OpenTSDB) Version.","description_kind":"markdown","optional":true},"version":{"type":"string","description":"(InfluxDB) InfluxQL or Flux.","description_kind":"markdown","optional":true},"workgroup":{"type":"string","description":"(Athena) Workgroup to use.","description_kind":"markdown","optional":true}},"block_types":{"derived_field":{"nesting_mode":"list","block":{"attributes":{"datasource_uid":{"type":"string","description_kind":"plain","optional":true},"matcher_regex":{"type":"string","description_kind":"plain","optional":true},"name":{"type":"string","description_kind":"plain","optional":true},"url":{"type":"string","description_kind":"plain","optional":true}},"description":"(Loki) See https://grafana.com/docs/grafana/latest/datasources/loki/#derived-fields","description_kind":"markdown"}}},"description":"(Required by some data source types)","description_kind":"markdown"}},"secure_json_data":{"nesting_mode":"list","block":{"attributes":{"access_key":{"type":"string","description":"(CloudWatch, Athena) The access key to use to access the data source.","description_kind":"markdown","optional":true,"sensitive":true},"access_token":{"type":"string","description":"(Github) The access token to use to access the data source","description_kind":"markdown","optional":true,"sensitive":true},"auth_token":{"type":"string","description":"(Sentry) Authorization token.","description_kind":"markdown","optional":true,"sensitive":true},"basic_auth_password":{"type":"string","description":"(All) Password to use for basic authentication.","description_kind":"markdown","optional":true,"sensitive":true},"password":{"type":"string","description":"(All) Password to use for authentication.","description_kind":"markdown","optional":true,"sensitive":true},"private_key":{"type":"string","description":"(Stackdriver) The service account key `private_key` to use to access the data source.","description_kind":"markdown","optional":true,"sensitive":true},"secret_key":{"type":"string","description":"(CloudWatch, Athena) The secret key to use to access the data source.","description_kind":"markdown","optional":true,"sensitive":true},"sigv4_access_key":{"type":"string","description":"(Elasticsearch and Prometheus) SigV4 access key. Required when using 'keys' auth provider.","description_kind":"markdown","optional":true,"sensitive":true},"sigv4_secret_key":{"type":"string","description":"(Elasticsearch and Prometheus) SigV4 secret key. Required when using 'keys' auth provider.","description_kind":"markdown","optional":true,"sensitive":true},"tls_ca_cert":{"type":"string","description":"(All) CA cert for out going requests.","description_kind":"markdown","optional":true,"sensitive":true},"tls_client_cert":{"type":"string","description":"(All) TLS Client cert for outgoing requests.","description_kind":"markdown","optional":true,"sensitive":true},"tls_client_key":{"type":"string","description":"(All) TLS Client key for outgoing requests.","description_kind":"markdown","optional":true,"sensitive":true}},"description_kind":"plain"}}},"description":"\n* [Official documentation](https://grafana.com/docs/grafana/latest/datasources/)\n* [HTTP API](https://grafana.com/docs/grafana/latest/http_api/data_source/)\n\nThe required arguments for this resource vary depending on the type of data\nsource selected (via the 'type' argument).\n","description_kind":"markdown"}},"grafana_data_source_permission":{"version":0,"block":{"attributes":{"datasource_id":{"type":"number","description":"ID of the datasource to apply permissions to.","description_kind":"markdown","required":true},"id":{"type":"string","description_kind":"plain","optional":true,"computed":true}},"block_types":{"permissions":{"nesting_mode":"set","block":{"attributes":{"permission":{"type":"string","description":"Permission to associate with item. Must be `Query`.","description_kind":"markdown","required":true},"team_id":{"type":"number","description":"ID of the team to manage permissions for. Defaults to `0`.","description_kind":"markdown","optional":true},"user_id":{"type":"number","description":"ID of the user to manage permissions for. Defaults to `0`.","description_kind":"markdown","optional":true}},"description":"The permission items to add/update. Items that are omitted from the list will be removed.","description_kind":"markdown"},"min_items":1}},"description":"\n* [HTTP API](https://grafana.com/docs/grafana/latest/http_api/datasource_permissions/)\n","description_kind":"markdown"}},"grafana_folder":{"version":0,"block":{"attributes":{"id":{"type":"string","description":"Unique internal identifier.","description_kind":"markdown","computed":true},"title":{"type":"string","description":"The title of the folder.","description_kind":"markdown","required":true},"uid":{"type":"string","description":"Unique identifier.","description_kind":"markdown","computed":true}},"description":"\n* [Official documentation](https://grafana.com/docs/grafana/latest/dashboards/dashboard_folders/)\n* [HTTP API](https://grafana.com/docs/grafana/latest/http_api/folder/)\n","description_kind":"markdown"}},"grafana_folder_permission":{"version":0,"block":{"attributes":{"folder_uid":{"type":"string","description":"The UID of the folder.","description_kind":"markdown","required":true},"id":{"type":"string","description_kind":"plain","optional":true,"computed":true}},"block_types":{"permissions":{"nesting_mode":"set","block":{"attributes":{"permission":{"type":"string","description":"Permission to associate with item. Must be one of `View`, `Edit`, or `Admin`.","description_kind":"markdown","required":true},"role":{"type":"string","description":"Manage permissions for `Viewer` or `Editor` roles.","description_kind":"markdown","optional":true},"team_id":{"type":"number","description":"ID of the team to manage permissions for. Defaults to `0`.","description_kind":"markdown","optional":true},"user_id":{"type":"number","description":"ID of the user to manage permissions for. Defaults to `0`.","description_kind":"markdown","optional":true}},"description":"The permission items to add/update. Items that are omitted from the list will be removed.","description_kind":"markdown"},"min_items":1}},"description":"\n* [Official documentation](https://grafana.com/docs/grafana/latest/permissions/dashboard_folder_permissions/)\n* [HTTP API](https://grafana.com/docs/grafana/latest/http_api/folder_permissions/)\n","description_kind":"markdown"}},"grafana_library_panel":{"version":0,"block":{"attributes":{"created":{"type":"string","description":"Timestamp when the library panel was created.","description_kind":"markdown","computed":true},"dashboard_ids":{"type":["list","number"],"description":"Numerical IDs of Grafana dashboards containing the library panel.","description_kind":"markdown","computed":true},"description":{"type":"string","description":"Description of the library panel.","description_kind":"markdown","computed":true},"folder_id":{"type":"number","description":"ID of the folder where the library panel is stored.","description_kind":"markdown","optional":true},"folder_name":{"type":"string","description":"Name of the folder containing the library panel.","description_kind":"markdown","computed":true},"folder_uid":{"type":"string","description":"Unique ID (UID) of the folder containing the library panel.","description_kind":"markdown","computed":true},"id":{"type":"string","description_kind":"plain","optional":true,"computed":true},"model_json":{"type":"string","description":"The JSON model for the library panel.","description_kind":"markdown","required":true},"name":{"type":"string","description":"Name of the library panel.","description_kind":"markdown","required":true},"org_id":{"type":"number","description":"The numeric ID of the library panel computed by Grafana.","description_kind":"markdown","computed":true},"panel_id":{"type":"number","description":"The numeric ID of the library panel computed by Grafana.","description_kind":"markdown","computed":true},"type":{"type":"string","description":"Type of the library panel (eg. text).","description_kind":"markdown","computed":true},"uid":{"type":"string","description":"The unique identifier (UID) of a library panel uniquely identifies library panels between multiple Grafana installs. It’s automatically generated unless you specify it during library panel creation.The UID provides consistent URLs for accessing library panels and when syncing library panels between multiple Grafana installs.","description_kind":"markdown","optional":true,"computed":true},"updated":{"type":"string","description":"Timestamp when the library panel was last modified.","description_kind":"markdown","computed":true},"version":{"type":"number","description":"Version of the library panel.","description_kind":"markdown","computed":true}},"description":"\nManages Grafana library panels.\n\n* [Official documentation](https://grafana.com/docs/grafana/latest/panels/panel-library/)\n* [HTTP API](https://grafana.com/docs/grafana/latest/http_api/library_element/)\n","description_kind":"markdown"}},"grafana_machine_learning_job":{"version":0,"block":{"attributes":{"datasource_id":{"type":"number","description":"The id of the datasource to query.","description_kind":"markdown","required":true},"datasource_type":{"type":"string","description":"The type of datasource being queried. Currently allowed values are prometheus, graphite, loki, postgres, and datadog.","description_kind":"markdown","required":true},"description":{"type":"string","description":"A description of the job.","description_kind":"markdown","optional":true},"hyper_params":{"type":["map","string"],"description":"The hyperparameters used to fine tune the algorithm. See https://grafana.com/docs/grafana-cloud/machine-learning/models/ for the full list of available hyperparameters. Defaults to `map[]`.","description_kind":"markdown","optional":true},"id":{"type":"string","description":"The ID of the job.","description_kind":"markdown","computed":true},"interval":{"type":"number","description":"The data interval in seconds to train the data on. Defaults to `300`.","description_kind":"markdown","optional":true},"metric":{"type":"string","description":"The metric used to query the job results.","description_kind":"markdown","required":true},"name":{"type":"string","description":"The name of the job.","description_kind":"markdown","required":true},"query_params":{"type":["map","string"],"description":"An object representing the query params to query Grafana with.","description_kind":"markdown","required":true},"training_window":{"type":"number","description":"The data interval in seconds to train the data on. Defaults to `7776000`.","description_kind":"markdown","optional":true}},"description":"\nA job defines the queries and model parameters for a machine learning task.\n","description_kind":"markdown"}},"grafana_organization":{"version":0,"block":{"attributes":{"admin_user":{"type":"string","description":"The login name of the configured default admin user for the Grafana\ninstallation. If unset, this value defaults to admin, the Grafana default.\nGrafana adds the default admin user to all organizations automatically upon\ncreation, and this parameter keeps Terraform from removing it from\norganizations.\n Defaults to `admin`.","description_kind":"markdown","optional":true},"admins":{"type":["set","string"],"description":"A list of email addresses corresponding to users who should be given admin\naccess to the organization. Note: users specified here must already exist in\nGrafana unless 'create_users' is set to true.","description_kind":"markdown","optional":true},"create_users":{"type":"bool","description":"Whether or not to create Grafana users specified in the organization's\nmembership if they don't already exist in Grafana. If unspecified, this\nparameter defaults to true, creating placeholder users with the name, login,\nand email set to the email of the user, and a random password. Setting this\noption to false will cause an error to be thrown for any users that do not\nalready exist in Grafana.\n Defaults to `true`.","description_kind":"markdown","optional":true},"editors":{"type":["set","string"],"description":"A list of email addresses corresponding to users who should be given editor\naccess to the organization. Note: users specified here must already exist in\nGrafana unless 'create_users' is set to true.","description_kind":"markdown","optional":true},"id":{"type":"string","description_kind":"plain","optional":true,"computed":true},"name":{"type":"string","description":"The display name for the Grafana organization created.","description_kind":"markdown","required":true},"org_id":{"type":"number","description":"The organization id assigned to this organization by Grafana.","description_kind":"markdown","computed":true},"viewers":{"type":["set","string"],"description":"A list of email addresses corresponding to users who should be given viewer\naccess to the organization. Note: users specified here must already exist in\nGrafana unless 'create_users' is set to true.","description_kind":"markdown","optional":true}},"description":"\n* [Official documentation](https://grafana.com/docs/grafana/latest/manage-users/server-admin/server-admin-manage-orgs/)\n* [HTTP API](https://grafana.com/docs/grafana/latest/http_api/org/)\n","description_kind":"markdown"}},"grafana_playlist":{"version":0,"block":{"attributes":{"id":{"type":"string","description_kind":"plain","optional":true,"computed":true},"interval":{"type":"string","description_kind":"plain","required":true},"name":{"type":"string","description":"The name of the playlist.","description_kind":"markdown","required":true},"org_id":{"type":"string","description_kind":"plain","computed":true}},"block_types":{"item":{"nesting_mode":"set","block":{"attributes":{"id":{"type":"string","description_kind":"plain","computed":true},"order":{"type":"number","description_kind":"plain","required":true},"title":{"type":"string","description_kind":"plain","required":true},"type":{"type":"string","description_kind":"plain","optional":true},"value":{"type":"string","description_kind":"plain","optional":true}},"description_kind":"plain"},"min_items":1}},"description":"\n\t\t* [Official documentation](https://grafana.com/docs/grafana/latest/dashboards/playlist/)\n\t\t* [HTTP API](https://grafana.com/docs/grafana/latest/http_api/playlist/)\n\t\t","description_kind":"markdown"}},"grafana_report":{"version":0,"block":{"attributes":{"dashboard_id":{"type":"number","description":"Dashboard to be sent in the report.","description_kind":"markdown","required":true},"id":{"type":"string","description":"Generated identifier of the report.","description_kind":"markdown","computed":true},"include_dashboard_link":{"type":"bool","description":"Whether to include a link to the dashboard in the report. Defaults to `true`.","description_kind":"markdown","optional":true},"include_table_csv":{"type":"bool","description":"Whether to include a CSV file of table panel data. Defaults to `false`.","description_kind":"markdown","optional":true},"layout":{"type":"string","description":"Layout of the report. `simple` or `grid` Defaults to `grid`.","description_kind":"markdown","optional":true},"message":{"type":"string","description":"Message to be sent in the report.","description_kind":"markdown","optional":true},"name":{"type":"string","description":"Name of the report.","description_kind":"markdown","required":true},"orientation":{"type":"string","description":"Orientation of the report. `landscape` or `portrait` Defaults to `landscape`.","description_kind":"markdown","optional":true},"recipients":{"type":["list","string"],"description":"List of recipients of the report.","description_kind":"markdown","required":true},"reply_to":{"type":"string","description":"Reply-to email address of the report.","description_kind":"markdown","optional":true}},"block_types":{"schedule":{"nesting_mode":"list","block":{"attributes":{"custom_interval":{"type":"string","description":"Custom interval of the report.\n**Note:** This field is only available when frequency is set to `custom`.","description_kind":"markdown","optional":true},"end_time":{"type":"string","description":"End time of the report. If empty, the report will be sent indefinitely (according to frequency). Note that times will be saved as UTC in Grafana.","description_kind":"markdown","optional":true},"frequency":{"type":"string","description":"Frequency of the report. One of `never`, `once`, `hourly`, `daily`, `weekly`, `monthly` or `custom`.","description_kind":"markdown","required":true},"start_time":{"type":"string","description":"Start time of the report. If empty, the start date will be set to the creation time. Note that times will be saved as UTC in Grafana.","description_kind":"markdown","optional":true},"workdays_only":{"type":"bool","description":"Whether to send the report only on work days. Defaults to `false`.","description_kind":"markdown","optional":true}},"description":"Schedule of the report.","description_kind":"markdown"},"min_items":1,"max_items":1},"time_range":{"nesting_mode":"list","block":{"attributes":{"from":{"type":"string","description":"Start of the time range.","description_kind":"markdown","optional":true},"to":{"type":"string","description":"End of the time range.","description_kind":"markdown","optional":true}},"description":"Time range of the report.","description_kind":"markdown"},"max_items":1}},"description":"\n**Note:** This resource is available only with Grafana Enterprise 7.+.\n\n* [Official documentation](https://grafana.com/docs/grafana/latest/enterprise/reporting/)\n* [HTTP API](https://grafana.com/docs/grafana/latest/http_api/reporting/)\n","description_kind":"markdown"}},"grafana_role":{"version":0,"block":{"attributes":{"description":{"type":"string","description":"Description of the role.","description_kind":"markdown","optional":true},"global":{"type":"bool","description":"Boolean to state whether the role is available across all organizations or not. Defaults to `false`.","description_kind":"markdown","optional":true},"id":{"type":"string","description_kind":"plain","optional":true,"computed":true},"name":{"type":"string","description":"Name of the role","description_kind":"markdown","required":true},"uid":{"type":"string","description":"Unique identifier of the role. Used for assignments.","description_kind":"markdown","optional":true,"computed":true},"version":{"type":"number","description":"Version of the role. A role is updated only on version increase.","description_kind":"markdown","required":true}},"block_types":{"permissions":{"nesting_mode":"set","block":{"attributes":{"action":{"type":"string","description":"Specific action users granted with the role will be allowed to perform (for example: `users:read`)","description_kind":"markdown","required":true},"scope":{"type":"string","description":"Scope to restrict the action to a set of resources (for example: `users:*` or `roles:customrole1`)","description_kind":"markdown","optional":true}},"description":"Specific set of actions granted by the role.","description_kind":"markdown"}}},"description":"\n**Note:** This resource is available only with Grafana Enterprise 8.+.\n\n* [Official documentation](https://grafana.com/docs/grafana/latest/enterprise/access-control/)\n* [HTTP API](https://grafana.com/docs/grafana/latest/http_api/access_control/)\n","description_kind":"markdown"}},"grafana_synthetic_monitoring_check":{"version":0,"block":{"attributes":{"alert_sensitivity":{"type":"string","description":"Can be set to `none`, `low`, `medium`, or `high` to correspond to the check [alert levels](https://grafana.com/docs/grafana-cloud/synthetic-monitoring/synthetic-monitoring-alerting/). Defaults to `none`.","description_kind":"markdown","optional":true},"basic_metrics_only":{"type":"bool","description":"Metrics are reduced by default. Set this to `false` if you'd like to publish all metrics. We maintain a [full list of metrics](https://github.com/grafana/synthetic-monitoring-agent/tree/main/internal/scraper/testdata) collected for each. Defaults to `true`.","description_kind":"markdown","optional":true},"enabled":{"type":"bool","description":"Whether to enable the check. Defaults to `true`.","description_kind":"markdown","optional":true},"frequency":{"type":"number","description":"How often the check runs in milliseconds (the value is not truly a \"frequency\" but a \"period\"). The minimum acceptable value is 1 second (1000 ms), and the maximum is 120 seconds (120000 ms). Defaults to `60000`.","description_kind":"markdown","optional":true},"id":{"type":"string","description":"The ID of the check.","description_kind":"markdown","computed":true},"job":{"type":"string","description":"Name used for job label.","description_kind":"markdown","required":true},"labels":{"type":["map","string"],"description":"Custom labels to be included with collected metrics and logs. The maximum number of labels that can be specified per check is 5. These are applied, along with the probe-specific labels, to the outgoing metrics. The names and values of the labels cannot be empty, and the maximum length is 32 bytes.","description_kind":"markdown","optional":true},"probes":{"type":["set","number"],"description":"List of probe location IDs where this target will be checked from.","description_kind":"markdown","required":true},"target":{"type":"string","description":"Hostname to ping.","description_kind":"markdown","required":true},"tenant_id":{"type":"number","description":"The tenant ID of the check.","description_kind":"markdown","computed":true},"timeout":{"type":"number","description":"Specifies the maximum running time for the check in milliseconds. The minimum acceptable value is 1 second (1000 ms), and the maximum 10 seconds (10000 ms). Defaults to `3000`.","description_kind":"markdown","optional":true}},"block_types":{"settings":{"nesting_mode":"set","block":{"block_types":{"dns":{"nesting_mode":"set","block":{"attributes":{"ip_version":{"type":"string","description":"Options are `V4`, `V6`, `Any`. Specifies whether the corresponding check will be performed using IPv4 or IPv6. The `Any` value indicates that IPv6 should be used, falling back to IPv4 if that's not available. Defaults to `V4`.","description_kind":"markdown","optional":true},"port":{"type":"number","description":"Port to target. Defaults to `53`.","description_kind":"markdown","optional":true},"protocol":{"type":"string","description":"`TCP` or `UDP`. Defaults to `UDP`.","description_kind":"markdown","optional":true},"record_type":{"type":"string","description":"One of `ANY`, `A`, `AAAA`, `CNAME`, `MX`, `NS`, `PTR`, `SOA`, `SRV`, `TXT`. Defaults to `A`.","description_kind":"markdown","optional":true},"server":{"type":"string","description":"DNS server address to target. Defaults to `8.8.8.8`.","description_kind":"markdown","optional":true},"source_ip_address":{"type":"string","description":"Source IP address.","description_kind":"markdown","optional":true},"valid_r_codes":{"type":["set","string"],"description":"List of valid response codes. Options include `NOERROR`, `BADALG`, `BADMODE`, `BADKEY`, `BADCOOKIE`, `BADNAME`, `BADSIG`, `BADTIME`, `BADTRUNC`, `BADVERS`, `FORMERR`, `NOTIMP`, `NOTAUTH`, `NOTZONE`, `NXDOMAIN`, `NXRRSET`, `REFUSED`, `SERVFAIL`, `YXDOMAIN`, `YXRRSET`.","description_kind":"markdown","optional":true}},"block_types":{"validate_additional_rrs":{"nesting_mode":"set","block":{"attributes":{"fail_if_matches_regexp":{"type":["set","string"],"description":"Fail if value matches regex.","description_kind":"markdown","optional":true},"fail_if_not_matches_regexp":{"type":["set","string"],"description":"Fail if value does not match regex.","description_kind":"markdown","optional":true}},"description":"Validate additional matches.","description_kind":"markdown"}},"validate_answer_rrs":{"nesting_mode":"set","block":{"attributes":{"fail_if_matches_regexp":{"type":["set","string"],"description":"Fail if value matches regex.","description_kind":"markdown","optional":true},"fail_if_not_matches_regexp":{"type":["set","string"],"description":"Fail if value does not match regex.","description_kind":"markdown","optional":true}},"description":"Validate response answer.","description_kind":"markdown"},"max_items":1},"validate_authority_rrs":{"nesting_mode":"set","block":{"attributes":{"fail_if_matches_regexp":{"type":["set","string"],"description":"Fail if value matches regex.","description_kind":"markdown","optional":true},"fail_if_not_matches_regexp":{"type":["set","string"],"description":"Fail if value does not match regex.","description_kind":"markdown","optional":true}},"description":"Validate response authority.","description_kind":"markdown"},"max_items":1}},"description":"Settings for DNS check. The target must be a valid hostname (or IP address for `PTR` records).","description_kind":"markdown"},"max_items":1},"http":{"nesting_mode":"set","block":{"attributes":{"bearer_token":{"type":"string","description":"Token for use with bearer authorization header.","description_kind":"markdown","optional":true},"body":{"type":"string","description":"The body of the HTTP request used in probe.","description_kind":"markdown","optional":true},"cache_busting_query_param_name":{"type":"string","description":"The name of the query parameter used to prevent the server from using a cached response. Each probe will assign a random value to this parameter each time a request is made.","description_kind":"markdown","optional":true},"fail_if_body_matches_regexp":{"type":["set","string"],"description":"List of regexes. If any match the response body, the check will fail.","description_kind":"markdown","optional":true},"fail_if_body_not_matches_regexp":{"type":["set","string"],"description":"List of regexes. If any do not match the response body, the check will fail.","description_kind":"markdown","optional":true},"fail_if_not_ssl":{"type":"bool","description":"Fail if SSL is not present. Defaults to `false`.","description_kind":"markdown","optional":true},"fail_if_ssl":{"type":"bool","description":"Fail if SSL is present. Defaults to `false`.","description_kind":"markdown","optional":true},"headers":{"type":["set","string"],"description":"The HTTP headers set for the probe.","description_kind":"markdown","optional":true},"ip_version":{"type":"string","description":"Options are `V4`, `V6`, `Any`. Specifies whether the corresponding check will be performed using IPv4 or IPv6. The `Any` value indicates that IPv6 should be used, falling back to IPv4 if that's not available. Defaults to `V4`.","description_kind":"markdown","optional":true},"method":{"type":"string","description":"Request method. One of `GET`, `CONNECT`, `DELETE`, `HEAD`, `OPTIONS`, `POST`, `PUT`, `TRACE` Defaults to `GET`.","description_kind":"markdown","optional":true},"no_follow_redirects":{"type":"bool","description":"Do not follow redirects. Defaults to `false`.","description_kind":"markdown","optional":true},"proxy_url":{"type":"string","description":"Proxy URL.","description_kind":"markdown","optional":true},"valid_http_versions":{"type":["set","string"],"description":"List of valid HTTP versions. Options include `HTTP/1.0`, `HTTP/1.1`, `HTTP/2`","description_kind":"markdown","optional":true},"valid_status_codes":{"type":["set","number"],"description":"Accepted status codes. If unset, defaults to 2xx.","description_kind":"markdown","optional":true}},"block_types":{"basic_auth":{"nesting_mode":"set","block":{"attributes":{"password":{"type":"string","description":"Basic auth password.","description_kind":"markdown","required":true},"username":{"type":"string","description":"Basic auth username.","description_kind":"markdown","required":true}},"description":"Basic auth settings.","description_kind":"markdown"},"max_items":1},"fail_if_header_matches_regexp":{"nesting_mode":"set","block":{"attributes":{"allow_missing":{"type":"bool","description":"Allow header to be missing from responses. Defaults to `false`.","description_kind":"markdown","optional":true},"header":{"type":"string","description":"Header name.","description_kind":"markdown","required":true},"regexp":{"type":"string","description":"Regex that header value should match.","description_kind":"markdown","required":true}},"description":"Check fails if headers match.","description_kind":"markdown"}},"fail_if_header_not_matches_regexp":{"nesting_mode":"set","block":{"attributes":{"allow_missing":{"type":"bool","description":"Allow header to be missing from responses. Defaults to `false`.","description_kind":"markdown","optional":true},"header":{"type":"string","description":"Header name.","description_kind":"markdown","required":true},"regexp":{"type":"string","description":"Regex that header value should match.","description_kind":"markdown","required":true}},"description":"Check fails if headers do not match.","description_kind":"markdown"}},"tls_config":{"nesting_mode":"set","block":{"attributes":{"ca_cert":{"type":"string","description":"CA certificate in PEM format.","description_kind":"markdown","optional":true},"client_cert":{"type":"string","description":"Client certificate in PEM format.","description_kind":"markdown","optional":true},"client_key":{"type":"string","description":"Client key in PEM format.","description_kind":"markdown","optional":true,"sensitive":true},"insecure_skip_verify":{"type":"bool","description":"Disable target certificate validation. Defaults to `false`.","description_kind":"markdown","optional":true},"server_name":{"type":"string","description":"Used to verify the hostname for the targets.","description_kind":"markdown","optional":true}},"description":"TLS config.","description_kind":"markdown"},"max_items":1}},"description":"Settings for HTTP check. The target must be a URL (http or https).","description_kind":"markdown"},"max_items":1},"ping":{"nesting_mode":"set","block":{"attributes":{"dont_fragment":{"type":"bool","description":"Set the DF-bit in the IP-header. Only works with ipV4. Defaults to `false`.","description_kind":"markdown","optional":true},"ip_version":{"type":"string","description":"Options are `V4`, `V6`, `Any`. Specifies whether the corresponding check will be performed using IPv4 or IPv6. The `Any` value indicates that IPv6 should be used, falling back to IPv4 if that's not available. Defaults to `V4`.","description_kind":"markdown","optional":true},"payload_size":{"type":"number","description":"Payload size. Defaults to `0`.","description_kind":"markdown","optional":true},"source_ip_address":{"type":"string","description":"Source IP address.","description_kind":"markdown","optional":true}},"description":"Settings for ping (ICMP) check. The target must be a valid hostname or IP address.","description_kind":"markdown"},"max_items":1},"tcp":{"nesting_mode":"set","block":{"attributes":{"ip_version":{"type":"string","description":"Options are `V4`, `V6`, `Any`. Specifies whether the corresponding check will be performed using IPv4 or IPv6. The `Any` value indicates that IPv6 should be used, falling back to IPv4 if that's not available. Defaults to `V4`.","description_kind":"markdown","optional":true},"source_ip_address":{"type":"string","description":"Source IP address.","description_kind":"markdown","optional":true},"tls":{"type":"bool","description":"Whether or not TLS is used when the connection is initiated. Defaults to `false`.","description_kind":"markdown","optional":true}},"block_types":{"query_response":{"nesting_mode":"set","block":{"attributes":{"expect":{"type":"string","description":"Response to expect.","description_kind":"markdown","required":true},"send":{"type":"string","description":"Data to send.","description_kind":"markdown","required":true},"start_tls":{"type":"bool","description":"Upgrade TCP connection to TLS. Defaults to `false`.","description_kind":"markdown","optional":true}},"description":"The query sent in the TCP probe and the expected associated response.","description_kind":"markdown"}},"tls_config":{"nesting_mode":"set","block":{"attributes":{"ca_cert":{"type":"string","description":"CA certificate in PEM format.","description_kind":"markdown","optional":true},"client_cert":{"type":"string","description":"Client certificate in PEM format.","description_kind":"markdown","optional":true},"client_key":{"type":"string","description":"Client key in PEM format.","description_kind":"markdown","optional":true,"sensitive":true},"insecure_skip_verify":{"type":"bool","description":"Disable target certificate validation. Defaults to `false`.","description_kind":"markdown","optional":true},"server_name":{"type":"string","description":"Used to verify the hostname for the targets.","description_kind":"markdown","optional":true}},"description":"TLS config.","description_kind":"markdown"},"max_items":1}},"description":"Settings for TCP check. The target must be of the form `\u003chost\u003e:\u003cport\u003e`, where the host portion must be a valid hostname or IP address.","description_kind":"markdown"},"max_items":1},"traceroute":{"nesting_mode":"set","block":{"attributes":{"max_hops":{"type":"number","description":"Maximum TTL for the trace Defaults to `64`.","description_kind":"markdown","optional":true},"max_unknown_hops":{"type":"number","description":"Maximum number of hosts to travers that give no response Defaults to `15`.","description_kind":"markdown","optional":true},"ptr_lookup":{"type":"bool","description":"Reverse lookup hostnames from IP addresses Defaults to `true`.","description_kind":"markdown","optional":true}},"description":"Settings for traceroute check. The target must be a valid hostname or IP address","description_kind":"markdown"},"max_items":1}},"description":"Check settings. Should contain exactly one nested block.","description_kind":"markdown"},"min_items":1,"max_items":1}},"description":"\nSynthetic Monitoring checks are tests that run on selected probes at defined\nintervals and report metrics and logs back to your Grafana Cloud account. The\ntarget for checks can be a domain name, a server, or a website, depending on\nwhat information you would like to gather about your endpoint. You can define\nmultiple checks for a single endpoint to check different capabilities.\n\n* [Official documentation](https://grafana.com/docs/grafana-cloud/synthetic-monitoring/checks/)\n","description_kind":"markdown"}},"grafana_synthetic_monitoring_installation":{"version":0,"block":{"attributes":{"id":{"type":"string","description_kind":"plain","optional":true,"computed":true},"logs_instance_id":{"type":"number","description":"The ID of the logs instance to install SM on (stack's `logs_user_id` attribute).","description_kind":"markdown","required":true},"metrics_instance_id":{"type":"number","description":"The ID of the metrics instance to install SM on (stack's `prometheus_user_id` attribute).","description_kind":"markdown","required":true},"metrics_publisher_key":{"type":"string","description":"The Cloud API Key with the `MetricsPublisher` role used to publish metrics to the SM API","description_kind":"markdown","required":true,"sensitive":true},"sm_access_token":{"type":"string","description":"Generated token to access the SM API.","description_kind":"markdown","computed":true},"stack_id":{"type":"number","description":"The ID of the stack to install SM on.","description_kind":"markdown","required":true}},"description":"\nSets up Synthetic Monitoring on a Grafana cloud stack and generates a token. \nOnce a Grafana Cloud stack is created, a user can either use this resource or go into the UI to install synthetic monitoring.\nThis resource cannot be imported but it can be used on an existing Synthetic Monitoring installation without issues.\n\n* [Official documentation](https://grafana.com/docs/grafana-cloud/synthetic-monitoring/installation/)\n* [API documentation](https://github.com/grafana/synthetic-monitoring-api-go-client/blob/main/docs/API.md#apiv1registerinstall)\n","description_kind":"markdown"}},"grafana_synthetic_monitoring_probe":{"version":0,"block":{"attributes":{"auth_token":{"type":"string","description":"The probe authentication token. Your probe must use this to authenticate with Grafana Cloud.","description_kind":"markdown","computed":true,"sensitive":true},"id":{"type":"string","description":"The ID of the probe.","description_kind":"markdown","computed":true},"labels":{"type":["map","string"],"description":"Custom labels to be included with collected metrics and logs.","description_kind":"markdown","optional":true},"latitude":{"type":"number","description":"Latitude coordinates.","description_kind":"markdown","required":true},"longitude":{"type":"number","description":"Longitude coordinates.","description_kind":"markdown","required":true},"name":{"type":"string","description":"Name of the probe.","description_kind":"markdown","required":true},"public":{"type":"bool","description":"Public probes are run by Grafana Labs and can be used by all users. Only Grafana Labs managed public probes will be set to `true`. Defaults to `false`.","description_kind":"markdown","optional":true},"region":{"type":"string","description":"Region of the probe.","description_kind":"markdown","required":true},"tenant_id":{"type":"number","description":"The tenant ID of the probe.","description_kind":"markdown","computed":true}},"description":"\nBesides the public probes run by Grafana Labs, you can also install your\nown private probes. These are only accessible to you and only write data to\nyour Grafana Cloud account. Private probes are instances of the open source\nGrafana Synthetic Monitoring Agent.\n\n* [Official documentation](https://grafana.com/docs/grafana-cloud/synthetic-monitoring/private-probes/)\n","description_kind":"markdown"}},"grafana_team":{"version":0,"block":{"attributes":{"email":{"type":"string","description":"An email address for the team.","description_kind":"markdown","optional":true},"id":{"type":"string","description_kind":"plain","optional":true,"computed":true},"members":{"type":["set","string"],"description":"A set of email addresses corresponding to users who should be given membership\nto the team. Note: users specified here must already exist in Grafana.","description_kind":"markdown","optional":true},"name":{"type":"string","description":"The display name for the Grafana team created.","description_kind":"markdown","required":true},"team_id":{"type":"number","description":"The team id assigned to this team by Grafana.","description_kind":"markdown","computed":true}},"description":"\n* [Official documentation](https://grafana.com/docs/grafana/latest/manage-users/manage-teams/)\n* [HTTP API](https://grafana.com/docs/grafana/latest/http_api/team/)\n","description_kind":"markdown"}},"grafana_team_external_group":{"version":0,"block":{"attributes":{"groups":{"type":["set","string"],"description":"The team external groups list","description_kind":"markdown","required":true},"id":{"type":"string","description_kind":"plain","optional":true,"computed":true},"team_id":{"type":"number","description":"The Team ID","description_kind":"markdown","required":true}},"description":"\n* [Official documentation](https://grafana.com/docs/grafana/latest/enterprise/team-sync/)\n* [HTTP API](https://grafana.com/docs/grafana/latest/http_api/external_group_sync/)\n","description_kind":"markdown"}},"grafana_team_preferences":{"version":0,"block":{"attributes":{"home_dashboard_id":{"type":"number","description":"The numeric ID of the dashboard to display when a team member logs in.","description_kind":"markdown","optional":true},"id":{"type":"string","description_kind":"plain","optional":true,"computed":true},"team_id":{"type":"number","description":"The numeric team ID.","description_kind":"markdown","required":true},"theme":{"type":"string","description":"The theme for the specified team. Available themes are `light`, `dark`, or an empty string for the default theme.","description_kind":"markdown","optional":true},"timezone":{"type":"string","description":"The timezone for the specified team. Available values are `utc`, `browser`, or an empty string for the default.","description_kind":"markdown","optional":true}},"description":"\n* [Official documentation](https://grafana.com/docs/grafana/latest/administration/preferences/)\n* [HTTP API](https://grafana.com/docs/grafana/latest/http_api/team/)\n","description_kind":"markdown"}},"grafana_user":{"version":0,"block":{"attributes":{"email":{"type":"string","description":"The email address of the Grafana user.","description_kind":"markdown","required":true},"id":{"type":"string","description_kind":"plain","optional":true,"computed":true},"is_admin":{"type":"bool","description":"Whether to make user an admin. Defaults to `false`.","description_kind":"markdown","optional":true},"login":{"type":"string","description":"The username for the Grafana user.","description_kind":"markdown","optional":true},"name":{"type":"string","description":"The display name for the Grafana user.","description_kind":"markdown","optional":true},"password":{"type":"string","description":"The password for the Grafana user.","description_kind":"markdown","required":true,"sensitive":true},"user_id":{"type":"number","description":"The numerical ID of the Grafana user.","description_kind":"markdown","computed":true}},"description":"\n* [Official documentation](https://grafana.com/docs/grafana/latest/manage-users/server-admin/server-admin-manage-users/)\n* [HTTP API](https://grafana.com/docs/grafana/latest/http_api/user/)\n\nThis resource uses Grafana's admin APIs for creating and updating users which\ndoes not currently work with API Tokens. You must use basic auth.\n","description_kind":"markdown"}}},"data_source_schemas":{"grafana_cloud_stack":{"version":0,"block":{"attributes":{"alertmanager_name":{"type":"string","description":"Name of the Alertmanager instance configured for this stack.","description_kind":"markdown","computed":true},"alertmanager_status":{"type":"string","description":"Status of the Alertmanager instance configured for this stack.","description_kind":"markdown","computed":true},"alertmanager_url":{"type":"string","description":"Base URL of the Alertmanager instance configured for this stack.","description_kind":"markdown","computed":true},"alertmanager_user_id":{"type":"number","description":"User ID of the Alertmanager instance configured for this stack.","description_kind":"markdown","computed":true},"description":{"type":"string","description":"Description of stack.","description_kind":"markdown","computed":true},"id":{"type":"string","description":"The stack id assigned to this stack by Grafana.","description_kind":"markdown","computed":true},"logs_name":{"type":"string","description_kind":"plain","computed":true},"logs_status":{"type":"string","description_kind":"plain","computed":true},"logs_url":{"type":"string","description_kind":"plain","computed":true},"logs_user_id":{"type":"number","description_kind":"plain","computed":true},"name":{"type":"string","description":"Name of stack. Conventionally matches the url of the instance (e.g. “\u003cstack_slug\u003e.grafana.net”).","description_kind":"markdown","computed":true},"org_id":{"type":"number","description":"Organization id to assign to this stack.","description_kind":"markdown","computed":true},"org_name":{"type":"string","description":"Organization name to assign to this stack.","description_kind":"markdown","computed":true},"org_slug":{"type":"string","description":"Organization slug to assign to this stack.","description_kind":"markdown","computed":true},"prometheus_name":{"type":"string","description":"Prometheus name for this instance.","description_kind":"markdown","computed":true},"prometheus_remote_endpoint":{"type":"string","description":"Use this URL to query hosted metrics data e.g. Prometheus data source in Grafana","description_kind":"markdown","computed":true},"prometheus_remote_write_endpoint":{"type":"string","description":"Use this URL to send prometheus metrics to Grafana cloud","description_kind":"markdown","computed":true},"prometheus_status":{"type":"string","description":"Prometheus status for this instance.","description_kind":"markdown","computed":true},"prometheus_url":{"type":"string","description":"Prometheus url for this instance.","description_kind":"markdown","computed":true},"prometheus_user_id":{"type":"number","description":"Promehteus user ID. Used for e.g. remote_write.","description_kind":"markdown","computed":true},"region_slug":{"type":"string","description":"The region this stack is deployed to.","description_kind":"markdown","computed":true},"slug":{"type":"string","description":"Subdomain that the Grafana instance will be available at (i.e. setting slug to “\u003cstack_slug\u003e” will make the instance\navailable at “https://\u003cstack_slug\u003e.grafana.net\".","description_kind":"markdown","required":true},"status":{"type":"string","description":"Status of the stack.","description_kind":"markdown","computed":true},"url":{"type":"string","description":"Custom URL for the Grafana instance. Must have a CNAME setup to point to `.grafana.net` before creating the stack","description_kind":"markdown","computed":true}},"description":"Data source for Grafana Stack","description_kind":"markdown"}},"grafana_dashboard":{"version":1,"block":{"attributes":{"config_json":{"type":"string","description":"The complete dashboard model JSON.","description_kind":"markdown","computed":true},"dashboard_id":{"type":"number","description":"The numerical ID of the Grafana dashboard. Specify either this or `uid`. Defaults to `-1`.","description_kind":"markdown","optional":true},"folder":{"type":"number","description":"The numerical ID of the folder where the Grafana dashboard is found.","description_kind":"markdown","computed":true},"id":{"type":"string","description_kind":"plain","optional":true,"computed":true},"is_starred":{"type":"bool","description":"Whether or not the Grafana dashboard is starred. Starred Dashboards will show up on your own Home Dashboard by default, and are a convenient way to mark Dashboards that you’re interested in.","description_kind":"markdown","computed":true},"slug":{"type":"string","description":"URL slug of the dashboard (deprecated).","description_kind":"markdown","computed":true},"title":{"type":"string","description":"The title of the Grafana dashboard.","description_kind":"markdown","computed":true},"uid":{"type":"string","description":"The uid of the Grafana dashboard. Specify either this or `dashboard_id`. Defaults to ``.","description_kind":"markdown","optional":true},"version":{"type":"number","description":"The numerical version of the Grafana dashboard.","description_kind":"markdown","computed":true}},"description":"\n* [Official documentation](https://grafana.com/docs/grafana/latest/dashboards/)\n* [Folder/Dashboard Search HTTP API](https://grafana.com/docs/grafana/latest/http_api/folder_dashboard_search/)\n* [Dashboard HTTP API](https://grafana.com/docs/grafana/latest/http_api/dashboard/)\n","description_kind":"markdown"}},"grafana_dashboards":{"version":0,"block":{"attributes":{"dashboards":{"type":["list",["object",{"folder_title":"string","title":"string","uid":"string"}]],"description_kind":"plain","computed":true},"folder_ids":{"type":["list","number"],"description":"Numerical IDs of Grafana folders containing dashboards. Specify to filter for dashboards by folder (eg. `[0]` for General folder), or leave blank to get all dashboards in all folders.","description_kind":"markdown","optional":true},"id":{"type":"string","description_kind":"plain","optional":true,"computed":true},"limit":{"type":"number","description":"Maximum number of dashboard search results to return. Defaults to `5000`.","description_kind":"markdown","optional":true},"tags":{"type":["list","string"],"description":"List of string Grafana dashboard tags to search for, eg. `[\"prod\"]`. Used only as search input, i.e., attribute value will remain unchanged.","description_kind":"markdown","optional":true}},"description":"\nDatasource for retrieving all dashboards. Specify list of folder IDs to search in for dashboards.\n\n* [Official documentation](https://grafana.com/docs/grafana/latest/dashboards/)\n* [Folder/Dashboard Search HTTP API](https://grafana.com/docs/grafana/latest/http_api/folder_dashboard_search/)\n* [Dashboard HTTP API](https://grafana.com/docs/grafana/latest/http_api/dashboard/)\n","description_kind":"markdown"}},"grafana_folder":{"version":0,"block":{"attributes":{"id":{"type":"number","description":"The numerical ID of the Grafana folder.","description_kind":"markdown","computed":true},"title":{"type":"string","description":"The name of the Grafana folder.","description_kind":"markdown","required":true},"uid":{"type":"string","description":"The uid of the Grafana folder.","description_kind":"markdown","computed":true}},"description":"\n* [Official documentation](https://grafana.com/docs/grafana/latest/dashboards/dashboard_folders/)\n* [HTTP API](https://grafana.com/docs/grafana/latest/http_api/folder/)\n","description_kind":"markdown"}},"grafana_library_panel":{"version":0,"block":{"attributes":{"created":{"type":"string","description":"Timestamp when the library panel was created.","description_kind":"markdown","computed":true},"dashboard_ids":{"type":["list","number"],"description":"Numerical IDs of Grafana dashboards containing the library panel.","description_kind":"markdown","computed":true},"description":{"type":"string","description":"Description of the library panel.","description_kind":"markdown","computed":true},"folder_id":{"type":"number","description":"ID of the folder where the library panel is stored.","description_kind":"markdown","computed":true},"folder_name":{"type":"string","description":"Name of the folder containing the library panel.","description_kind":"markdown","computed":true},"folder_uid":{"type":"string","description":"Unique ID (UID) of the folder containing the library panel.","description_kind":"markdown","computed":true},"id":{"type":"string","description_kind":"plain","optional":true,"computed":true},"model_json":{"type":"string","description":"The JSON model for the library panel.","description_kind":"markdown","computed":true},"name":{"type":"string","description":"Name of the library panel.","description_kind":"markdown","optional":true,"computed":true},"org_id":{"type":"number","description":"The numeric ID of the library panel computed by Grafana.","description_kind":"markdown","computed":true},"panel_id":{"type":"number","description":"The numeric ID of the library panel computed by Grafana.","description_kind":"markdown","computed":true},"type":{"type":"string","description":"Type of the library panel (eg. text).","description_kind":"markdown","computed":true},"uid":{"type":"string","description":"The unique identifier (UID) of a library panel uniquely identifies library panels between multiple Grafana installs. It’s automatically generated unless you specify it during library panel creation.The UID provides consistent URLs for accessing library panels and when syncing library panels between multiple Grafana installs.","description_kind":"markdown","optional":true,"computed":true},"updated":{"type":"string","description":"Timestamp when the library panel was last modified.","description_kind":"markdown","computed":true},"version":{"type":"number","description":"Version of the library panel.","description_kind":"markdown","computed":true}},"description":"Data source for retrieving a single library panel by name or uid.","description_kind":"markdown"}},"grafana_synthetic_monitoring_probe":{"version":0,"block":{"attributes":{"id":{"type":"string","description":"The ID of the probe.","description_kind":"markdown","computed":true},"labels":{"type":["map","string"],"description":"Custom labels to be included with collected metrics and logs.","description_kind":"markdown","computed":true},"latitude":{"type":"number","description":"Latitude coordinates.","description_kind":"markdown","computed":true},"longitude":{"type":"number","description":"Longitude coordinates.","description_kind":"markdown","computed":true},"name":{"type":"string","description":"Name of the probe.","description_kind":"markdown","required":true},"public":{"type":"bool","description":"Public probes are run by Grafana Labs and can be used by all users. Only Grafana Labs managed public probes will be set to `true`.","description_kind":"markdown","computed":true},"region":{"type":"string","description":"Region of the probe.","description_kind":"markdown","computed":true},"tenant_id":{"type":"number","description":"The tenant ID of the probe.","description_kind":"markdown","computed":true}},"description":"Data source for retrieving a single probe by name.","description_kind":"markdown"}},"grafana_synthetic_monitoring_probes":{"version":0,"block":{"attributes":{"filter_deprecated":{"type":"bool","description":"If true, only probes that are not deprecated will be returned. Defaults to `true`.","description_kind":"markdown","optional":true},"id":{"type":"string","description_kind":"plain","optional":true,"computed":true},"probes":{"type":["map","number"],"description":"Map of probes with their names as keys and IDs as values.","description_kind":"markdown","computed":true}},"description":"Data source for retrieving all probes.","description_kind":"markdown"}},"grafana_user":{"version":0,"block":{"attributes":{"email":{"type":"string","description":"The email address of the Grafana user. Defaults to ``.","description_kind":"markdown","optional":true},"id":{"type":"string","description_kind":"plain","optional":true,"computed":true},"is_admin":{"type":"bool","description":"Whether the user is an admin.","description_kind":"markdown","computed":true},"login":{"type":"string","description":"The username for the Grafana user. Defaults to ``.","description_kind":"markdown","optional":true},"name":{"type":"string","description":"The display name for the Grafana user.","description_kind":"markdown","computed":true},"user_id":{"type":"number","description":"The numerical ID of the Grafana user. Defaults to `-1`.","description_kind":"markdown","optional":true}},"description":"\n* [Official documentation](https://grafana.com/docs/grafana/latest/manage-users/server-admin/server-admin-manage-users/)\n* [HTTP API](https://grafana.com/docs/grafana/latest/http_api/user/)\n\nThis data source uses Grafana's admin APIs for reading users which\ndoes not currently work with API Tokens. You must use basic auth.\n","description_kind":"markdown"}}}}}}
