{"format_version":"1.0","provider_schemas":{"registry.terraform.io/grafana/grafana":{"provider":{"version":0,"block":{"attributes":{"auth":{"type":"string","description":"API token or basic auth username:password. May alternatively be set via the `GRAFANA_AUTH` environment variable.","description_kind":"markdown","required":true,"sensitive":true},"ca_cert":{"type":"string","description":"Certificate CA bundle to use to verify the Grafana server's certificate. May alternatively be set via the `GRAFANA_CA_CERT` environment variable.","description_kind":"markdown","optional":true},"insecure_skip_verify":{"type":"bool","description":"Skip TLS certificate verification. May alternatively be set via the `GRAFANA_INSECURE_SKIP_VERIFY` environment variable.","description_kind":"markdown","optional":true},"org_id":{"type":"number","description":"The organization id to operate on within grafana. May alternatively be set via the `GRAFANA_ORG_ID` environment variable.","description_kind":"markdown","optional":true},"retries":{"type":"number","description":"The amount of retries to use for Grafana API calls. May alternatively be set via the `GRAFANA_RETRIES` environment variable.","description_kind":"markdown","optional":true},"sm_access_token":{"type":"string","description":"A Synthetic Monitoring access token. May alternatively be set via the `GRAFANA_SM_ACCESS_TOKEN` environment variable.","description_kind":"markdown","optional":true,"sensitive":true},"sm_url":{"type":"string","description":"Synthetic monitoring backend address. May alternatively be set via the `GRAFANA_SM_URL` environment variable.","description_kind":"markdown","optional":true},"tls_cert":{"type":"string","description":"Client TLS certificate file to use to authenticate to the Grafana server. May alternatively be set via the `GRAFANA_TLS_CERT` environment variable.","description_kind":"markdown","optional":true},"tls_key":{"type":"string","description":"Client TLS key file to use to authenticate to the Grafana server. May alternatively be set via the `GRAFANA_TLS_KEY` environment variable.","description_kind":"markdown","optional":true},"url":{"type":"string","description":"The root URL of a Grafana server. May alternatively be set via the `GRAFANA_URL` environment variable.","description_kind":"markdown","required":true}},"description_kind":"plain"}},"resource_schemas":{"grafana_alert_notification":{"version":0,"block":{"attributes":{"disable_resolve_message":{"type":"bool","description":"Whether to disable sending resolve messages. Defaults to `false`.","description_kind":"markdown","optional":true},"frequency":{"type":"string","description":"Frequency of alert reminders. Frequency must be set if reminders are enabled. Defaults to ``.","description_kind":"markdown","optional":true},"id":{"type":"string","description_kind":"plain","optional":true,"computed":true},"is_default":{"type":"bool","description":"Is this the default channel for all your alerts. Defaults to `false`.","description_kind":"markdown","optional":true},"name":{"type":"string","description":"The name of the alert notification channel.","description_kind":"markdown","required":true},"secure_settings":{"type":["map","string"],"description":"Additional secure settings, for full reference lookup [Grafana Supported Settings documentation](https://grafana.com/docs/grafana/latest/administration/provisioning/#supported-settings).","description_kind":"markdown","optional":true,"sensitive":true},"send_reminder":{"type":"bool","description":"Whether to send reminders for triggered alerts. Defaults to `false`.","description_kind":"markdown","optional":true},"settings":{"type":["map","string"],"description":"Additional settings, for full reference see [Grafana HTTP API documentation](https://grafana.com/docs/grafana/latest/http_api/alerting_notification_channels/).","description_kind":"markdown","optional":true},"type":{"type":"string","description":"The type of the alert notification channel.","description_kind":"markdown","required":true},"uid":{"type":"string","description":"Unique identifier. If unset, this will be automatically generated.","description_kind":"markdown","optional":true,"computed":true}},"description":"\n* [Official documentation](https://grafana.com/docs/grafana/latest/alerting/notifications/)\n* [HTTP API](https://grafana.com/docs/grafana/latest/http_api/alerting_notification_channels/)\n","description_kind":"markdown"}},"grafana_api_key":{"version":0,"block":{"attributes":{"expiration":{"type":"string","description_kind":"plain","computed":true},"id":{"type":"string","description_kind":"plain","computed":true},"key":{"type":"string","description_kind":"plain","computed":true,"sensitive":true},"name":{"type":"string","description_kind":"plain","required":true},"role":{"type":"string","description_kind":"plain","required":true},"seconds_to_live":{"type":"number","description_kind":"plain","optional":true}},"description":"\nManages Grafana API Keys.\n\n* [HTTP API](https://grafana.com/docs/grafana/latest/http_api/auth/)\n","description_kind":"markdown"}},"grafana_builtin_role_assignment":{"version":0,"block":{"attributes":{"builtin_role":{"type":"string","description":"Organization roles (`Viewer`, `Editor`, `Admin`) or `Grafana Admin` to assign the roles to.","description_kind":"markdown","required":true},"id":{"type":"string","description_kind":"plain","optional":true,"computed":true}},"block_types":{"roles":{"nesting_mode":"set","block":{"attributes":{"global":{"type":"bool","description":"States whether the assignment is available across all organizations or not. Defaults to `false`.","description_kind":"markdown","optional":true},"uid":{"type":"string","description":"Unique identifier of the role to assign to `builtin_role`.","description_kind":"markdown","required":true}},"description":"Fixed or custom roles which provide granular access for specific resources within Grafana.","description_kind":"markdown"},"min_items":1}},"description":"\n**Note:** This resource is available only with Grafana Enterprise 8.+.\n\n* [Official documentation](https://grafana.com/docs/grafana/latest/enterprise/access-control/)\n* [HTTP API](https://grafana.com/docs/grafana/latest/http_api/access_control/)\n","description_kind":"markdown"}},"grafana_dashboard":{"version":1,"block":{"attributes":{"config_json":{"type":"string","description":"The complete dashboard model JSON.","description_kind":"markdown","required":true},"dashboard_id":{"type":"number","description":"The numeric ID of the dashboard computed by Grafana.","description_kind":"markdown","computed":true},"folder":{"type":"number","description":"The id of the folder to save the dashboard in.","description_kind":"markdown","optional":true},"id":{"type":"string","description_kind":"plain","optional":true,"computed":true},"message":{"type":"string","description":"Set a commit message for the version history.","description_kind":"markdown","optional":true},"overwrite":{"type":"bool","description":"Set to true if you want to overwrite existing dashboard with newer version, same dashboard title in folder or same dashboard uid.","description_kind":"markdown","optional":true},"slug":{"type":"string","description":"URL friendly version of the dashboard title. This field is deprecated, please use `uid` instead.","description_kind":"markdown","deprecated":true,"computed":true},"uid":{"type":"string","description":"The unique identifier of a dashboard. This is used to construct its URL. It’s automatically generated if not provided when creating a dashboard. The uid allows having consistent URLs for accessing dashboards and when syncing dashboards between multiple Grafana installs.","description_kind":"markdown","computed":true},"version":{"type":"number","description":"Whenever you save a version of your dashboard, a copy of that version is saved so that previous versions of your dashboard are not lost.","description_kind":"markdown","computed":true}},"description":"\nManages Grafana dashboards.\n\n* [Official documentation](https://grafana.com/docs/grafana/latest/dashboards/)\n* [HTTP API](https://grafana.com/docs/grafana/latest/http_api/dashboard/)\n","description_kind":"markdown"}},"grafana_dashboard_permission":{"version":0,"block":{"attributes":{"dashboard_id":{"type":"number","description":"ID of the dashboard to apply permissions to.","description_kind":"markdown","required":true},"id":{"type":"string","description_kind":"plain","optional":true,"computed":true}},"block_types":{"permissions":{"nesting_mode":"set","block":{"attributes":{"permission":{"type":"string","description":"Permission to associate with item. Must be one of `View`, `Edit`, or `Admin`.","description_kind":"markdown","required":true},"role":{"type":"string","description":"Manage permissions for `Viewer` or `Editor` roles.","description_kind":"markdown","optional":true},"team_id":{"type":"number","description":"ID of the team to manage permissions for. Defaults to `0`.","description_kind":"markdown","optional":true},"user_id":{"type":"number","description":"ID of the user to manage permissions for. Defaults to `0`.","description_kind":"markdown","optional":true}},"description":"The permission items to add/update. Items that are omitted from the list will be removed.","description_kind":"markdown"},"min_items":1}},"description":"\n* [Official documentation](https://grafana.com/docs/grafana/latest/permissions/dashboard_folder_permissions/)\n* [HTTP API](https://grafana.com/docs/grafana/latest/http_api/dashboard_permissions/)\n","description_kind":"markdown"}},"grafana_data_source":{"version":0,"block":{"attributes":{"access_mode":{"type":"string","description":"The method by which Grafana will access the data source: `proxy` or `direct`. Defaults to `proxy`.","description_kind":"markdown","optional":true},"basic_auth_enabled":{"type":"bool","description":"Whether to enable basic auth for the data source. Defaults to `false`.","description_kind":"markdown","optional":true},"basic_auth_password":{"type":"string","description":"Basic auth password. Defaults to ``.","description_kind":"markdown","optional":true,"sensitive":true},"basic_auth_username":{"type":"string","description":"Basic auth username. Defaults to ``.","description_kind":"markdown","optional":true},"database_name":{"type":"string","description":"(Required by some data source types) The name of the database to use on the selected data source server. Defaults to ``.","description_kind":"markdown","optional":true},"http_headers":{"type":["map","string"],"description":"Custom HTTP headers","description_kind":"markdown","optional":true,"sensitive":true},"id":{"type":"string","description_kind":"plain","optional":true,"computed":true},"is_default":{"type":"bool","description":"Whether to set the data source as default. This should only be `true` to a single data source. Defaults to `false`.","description_kind":"markdown","optional":true},"name":{"type":"string","description":"A unique name for the data source.","description_kind":"markdown","required":true},"password":{"type":"string","description":"(Required by some data source types) The password to use to authenticate to the data source. Defaults to ``.","description_kind":"markdown","optional":true,"sensitive":true},"type":{"type":"string","description":"The data source type. Must be one of the supported data source keywords.","description_kind":"markdown","required":true},"uid":{"type":"string","description":"Unique identifier. If unset, this will be automatically generated.","description_kind":"markdown","optional":true,"computed":true},"url":{"type":"string","description":"The URL for the data source. The type of URL required varies depending on the chosen data source type.","description_kind":"markdown","optional":true},"username":{"type":"string","description":"(Required by some data source types) The username to use to authenticate to the data source. Defaults to ``.","description_kind":"markdown","optional":true}},"block_types":{"json_data":{"nesting_mode":"list","block":{"attributes":{"assume_role_arn":{"type":"string","description":"(CloudWatch) The ARN of the role to be assumed by Grafana when using the CloudWatch data source.","description_kind":"markdown","optional":true},"auth_type":{"type":"string","description":"(CloudWatch) The authentication type used to access the data source.","description_kind":"markdown","optional":true},"authentication_type":{"type":"string","description":"(Stackdriver) The authentication type: `jwt` or `gce`.","description_kind":"markdown","optional":true},"client_email":{"type":"string","description":"(Stackdriver) Service account email address.","description_kind":"markdown","optional":true},"conn_max_lifetime":{"type":"number","description":"(MySQL, PostgreSQL, and MSSQL) Maximum amount of time in seconds a connection may be reused (Grafana v5.4+).","description_kind":"markdown","optional":true},"custom_metrics_namespaces":{"type":"string","description":"(CloudWatch) A comma-separated list of custom namespaces to be queried by the CloudWatch data source.","description_kind":"markdown","optional":true},"default_project":{"type":"string","description":"(Stackdriver) The default project for the data source.","description_kind":"markdown","optional":true},"default_region":{"type":"string","description":"(CloudWatch) The default region for the data source.","description_kind":"markdown","optional":true},"encrypt":{"type":"string","description":"(MSSQL) Connection SSL encryption handling: 'disable', 'false' or 'true'.","description_kind":"markdown","optional":true},"es_version":{"type":"string","description":"(Elasticsearch) Elasticsearch semantic version (Grafana v8.0+).","description_kind":"markdown","optional":true},"graphite_version":{"type":"string","description":"(Graphite) Graphite version.","description_kind":"markdown","optional":true},"http_method":{"type":"string","description":"(Prometheus) HTTP method to use for making requests.","description_kind":"markdown","optional":true},"interval":{"type":"string","description":"(Elasticsearch) Index date time format. nil(No Pattern), 'Hourly', 'Daily', 'Weekly', 'Monthly' or 'Yearly'.","description_kind":"markdown","optional":true},"log_level_field":{"type":"string","description":"(Elasticsearch) Which field should be used to indicate the priority of the log message.","description_kind":"markdown","optional":true},"log_message_field":{"type":"string","description":"(Elasticsearch) Which field should be used as the log message.","description_kind":"markdown","optional":true},"max_concurrent_shard_requests":{"type":"number","description":"(Elasticsearch) Maximum number of concurrent shard requests.","description_kind":"markdown","optional":true},"max_idle_conns":{"type":"number","description":"(MySQL, PostgreSQL and MSSQL) Maximum number of connections in the idle connection pool (Grafana v5.4+).","description_kind":"markdown","optional":true},"max_open_conns":{"type":"number","description":"(MySQL, PostgreSQL and MSSQL) Maximum number of open connections to the database (Grafana v5.4+).","description_kind":"markdown","optional":true},"postgres_version":{"type":"number","description":"(PostgreSQL) Postgres version as a number (903/904/905/906/1000) meaning v9.3, v9.4, etc.","description_kind":"markdown","optional":true},"profile":{"type":"string","description":"(CloudWatch) The credentials profile name to use when authentication type is set as 'Credentials file'.","description_kind":"markdown","optional":true},"query_timeout":{"type":"string","description":"(Prometheus) Timeout for queries made to the Prometheus data source in seconds.","description_kind":"markdown","optional":true},"sigv4_assume_role_arn":{"type":"string","description":"(Elasticsearch and Prometheus) Specifies the ARN of an IAM role to assume.","description_kind":"markdown","optional":true},"sigv4_auth":{"type":"bool","description":"(Elasticsearch and Prometheus) Enable usage of SigV4.","description_kind":"markdown","optional":true},"sigv4_auth_type":{"type":"string","description":"(Elasticsearch and Prometheus) The Sigv4 authentication provider to use: 'default', 'credentials' or 'keys' (AMG: 'workspace-iam-role').","description_kind":"markdown","optional":true},"sigv4_external_id":{"type":"string","description":"(Elasticsearch and Prometheus) When assuming a role in another account use this external ID.","description_kind":"markdown","optional":true},"sigv4_profile":{"type":"string","description":"(Elasticsearch and Prometheus) Credentials profile name, leave blank for default.","description_kind":"markdown","optional":true},"sigv4_region":{"type":"string","description":"(Elasticsearch and Prometheus) AWS region to use for Sigv4.","description_kind":"markdown","optional":true},"ssl_mode":{"type":"string","description":"(PostgreSQL) SSLmode. 'disable', 'require', 'verify-ca' or 'verify-full'.","description_kind":"markdown","optional":true},"time_field":{"type":"string","description":"(Elasticsearch) Which field that should be used as timestamp.","description_kind":"markdown","optional":true},"time_interval":{"type":"string","description":"(Prometheus, Elasticsearch, InfluxDB, MySQL, PostgreSQL, and MSSQL) Lowest interval/step value that should be used for this data source.","description_kind":"markdown","optional":true},"timescaledb":{"type":"bool","description":"(PostgreSQL) Enable usage of TimescaleDB extension.","description_kind":"markdown","optional":true},"tls_auth":{"type":"bool","description":"(All) Enable TLS authentication using client cert configured in secure json data.","description_kind":"markdown","optional":true},"tls_auth_with_ca_cert":{"type":"bool","description":"(All) Enable TLS authentication using CA cert.","description_kind":"markdown","optional":true},"tls_skip_verify":{"type":"bool","description":"(All) Controls whether a client verifies the server’s certificate chain and host name.","description_kind":"markdown","optional":true},"token_uri":{"type":"string","description":"(Stackdriver) The token URI used, provided in the service account key.","description_kind":"markdown","optional":true},"tsdb_resolution":{"type":"string","description":"(OpenTSDB) Resolution.","description_kind":"markdown","optional":true},"tsdb_version":{"type":"string","description":"(OpenTSDB) Version.","description_kind":"markdown","optional":true}},"description":"(Required by some data source types)","description_kind":"markdown"}},"secure_json_data":{"nesting_mode":"list","block":{"attributes":{"access_key":{"type":"string","description":"(CloudWatch) The access key to use to access the data source.","description_kind":"markdown","optional":true,"sensitive":true},"basic_auth_password":{"type":"string","description":"(All) Password to use for basic authentication.","description_kind":"markdown","optional":true,"sensitive":true},"password":{"type":"string","description":"(All) Password to use for authentication.","description_kind":"markdown","optional":true,"sensitive":true},"private_key":{"type":"string","description":"(Stackdriver) The service account key `private_key` to use to access the data source.","description_kind":"markdown","optional":true,"sensitive":true},"secret_key":{"type":"string","description":"(CloudWatch) The secret key to use to access the data source.","description_kind":"markdown","optional":true,"sensitive":true},"sigv4_access_key":{"type":"string","description":"(Elasticsearch and Prometheus) SigV4 access key. Required when using 'keys' auth provider.","description_kind":"markdown","optional":true,"sensitive":true},"sigv4_secret_key":{"type":"string","description":"(Elasticsearch and Prometheus) SigV4 secret key. Required when using 'keys' auth provider.","description_kind":"markdown","optional":true,"sensitive":true},"tls_ca_cert":{"type":"string","description":"(All) CA cert for out going requests.","description_kind":"markdown","optional":true,"sensitive":true},"tls_client_cert":{"type":"string","description":"(All) TLS Client cert for outgoing requests.","description_kind":"markdown","optional":true,"sensitive":true},"tls_client_key":{"type":"string","description":"(All) TLS Client key for outgoing requests.","description_kind":"markdown","optional":true,"sensitive":true}},"description_kind":"plain"}}},"description":"\n* [Official documentation](https://grafana.com/docs/grafana/latest/datasources/)\n* [HTTP API](https://grafana.com/docs/grafana/latest/http_api/data_source/)\n\nThe required arguments for this resource vary depending on the type of data\nsource selected (via the 'type' argument).\n","description_kind":"markdown"}},"grafana_data_source_permission":{"version":0,"block":{"attributes":{"datasource_id":{"type":"number","description":"ID of the datasource to apply permissions to.","description_kind":"markdown","required":true},"id":{"type":"string","description_kind":"plain","optional":true,"computed":true}},"block_types":{"permissions":{"nesting_mode":"set","block":{"attributes":{"permission":{"type":"string","description":"Permission to associate with item. Must be `Query`.","description_kind":"markdown","required":true},"team_id":{"type":"number","description":"ID of the team to manage permissions for. Defaults to `0`.","description_kind":"markdown","optional":true},"user_id":{"type":"number","description":"ID of the user to manage permissions for. Defaults to `0`.","description_kind":"markdown","optional":true}},"description":"The permission items to add/update. Items that are omitted from the list will be removed.","description_kind":"markdown"},"min_items":1}},"description":"\n* [HTTP API](https://grafana.com/docs/grafana/latest/http_api/datasource_permissions/)\n","description_kind":"markdown"}},"grafana_folder":{"version":0,"block":{"attributes":{"id":{"type":"string","description":"Unique internal identifier.","description_kind":"markdown","computed":true},"title":{"type":"string","description":"The title of the folder.","description_kind":"markdown","required":true},"uid":{"type":"string","description":"Unique identifier.","description_kind":"markdown","computed":true}},"description":"\n* [Official documentation](https://grafana.com/docs/grafana/latest/dashboards/dashboard_folders/)\n* [HTTP API](https://grafana.com/docs/grafana/latest/http_api/folder/)\n","description_kind":"markdown"}},"grafana_folder_permission":{"version":0,"block":{"attributes":{"folder_uid":{"type":"string","description":"The UID of the folder.","description_kind":"markdown","required":true},"id":{"type":"string","description_kind":"plain","optional":true,"computed":true}},"block_types":{"permissions":{"nesting_mode":"set","block":{"attributes":{"permission":{"type":"string","description":"Permission to associate with item. Must be one of `View`, `Edit`, or `Admin`.","description_kind":"markdown","required":true},"role":{"type":"string","description":"Manage permissions for `Viewer` or `Editor` roles.","description_kind":"markdown","optional":true},"team_id":{"type":"number","description":"ID of the team to manage permissions for. Defaults to `0`.","description_kind":"markdown","optional":true},"user_id":{"type":"number","description":"ID of the user to manage permissions for. Defaults to `0`.","description_kind":"markdown","optional":true}},"description":"The permission items to add/update. Items that are omitted from the list will be removed.","description_kind":"markdown"},"min_items":1}},"description":"\n* [Official documentation](https://grafana.com/docs/grafana/latest/permissions/dashboard_folder_permissions/)\n* [HTTP API](https://grafana.com/docs/grafana/latest/http_api/folder_permissions/)\n","description_kind":"markdown"}},"grafana_machine_learning_job":{"version":0,"block":{"attributes":{"datasource_id":{"type":"number","description":"The id of the datasource to query.","description_kind":"markdown","required":true},"datasource_type":{"type":"string","description":"The type of datasource being queried. Currently allowed values are prometheus, graphite, loki, postgres, and datadog.","description_kind":"markdown","required":true},"description":{"type":"string","description":"A description of the job.","description_kind":"markdown","optional":true},"hyper_params":{"type":["map","string"],"description":"The hyperparameters used to fine tune the algorithm. See https://grafana.com/docs/grafana-cloud/machine-learning/models/ for the full list of available hyperparameters. Defaults to `map[]`.","description_kind":"markdown","optional":true},"id":{"type":"string","description":"The ID of the job.","description_kind":"markdown","computed":true},"interval":{"type":"number","description":"The data interval in seconds to train the data on. Defaults to `300`.","description_kind":"markdown","optional":true},"metric":{"type":"string","description":"The metric used to query the job results.","description_kind":"markdown","required":true},"name":{"type":"string","description":"The name of the job.","description_kind":"markdown","required":true},"query_params":{"type":["map","string"],"description":"An object representing the query params to query Grafana with.","description_kind":"markdown","required":true},"training_window":{"type":"number","description":"The data interval in seconds to train the data on. Defaults to `7776000`.","description_kind":"markdown","optional":true}},"description":"\nA job defines the queries and model parameters for a machine learning task.\n","description_kind":"markdown"}},"grafana_organization":{"version":0,"block":{"attributes":{"admin_user":{"type":"string","description":"The login name of the configured default admin user for the Grafana\ninstallation. If unset, this value defaults to admin, the Grafana default.\nGrafana adds the default admin user to all organizations automatically upon\ncreation, and this parameter keeps Terraform from removing it from\norganizations.\n Defaults to `admin`.","description_kind":"markdown","optional":true},"admins":{"type":["set","string"],"description":"A list of email addresses corresponding to users who should be given admin\naccess to the organization. Note: users specified here must already exist in\nGrafana unless 'create_users' is set to true.","description_kind":"markdown","optional":true},"create_users":{"type":"bool","description":"Whether or not to create Grafana users specified in the organization's\nmembership if they don't already exist in Grafana. If unspecified, this\nparameter defaults to true, creating placeholder users with the name, login,\nand email set to the email of the user, and a random password. Setting this\noption to false will cause an error to be thrown for any users that do not\nalready exist in Grafana.\n Defaults to `true`.","description_kind":"markdown","optional":true},"editors":{"type":["set","string"],"description":"A list of email addresses corresponding to users who should be given editor\naccess to the organization. Note: users specified here must already exist in\nGrafana unless 'create_users' is set to true.","description_kind":"markdown","optional":true},"id":{"type":"string","description_kind":"plain","optional":true,"computed":true},"name":{"type":"string","description":"The display name for the Grafana organization created.","description_kind":"markdown","required":true},"org_id":{"type":"number","description":"The organization id assigned to this organization by Grafana.","description_kind":"markdown","computed":true},"viewers":{"type":["set","string"],"description":"A list of email addresses corresponding to users who should be given viewer\naccess to the organization. Note: users specified here must already exist in\nGrafana unless 'create_users' is set to true.","description_kind":"markdown","optional":true}},"description":"\n* [Official documentation](https://grafana.com/docs/grafana/latest/manage-users/server-admin/server-admin-manage-orgs/)\n* [HTTP API](https://grafana.com/docs/grafana/latest/http_api/org/)\n","description_kind":"markdown"}},"grafana_playlist":{"version":0,"block":{"attributes":{"id":{"type":"string","description_kind":"plain","optional":true,"computed":true},"interval":{"type":"string","description_kind":"plain","required":true},"name":{"type":"string","description":"The name of the playlist.","description_kind":"markdown","required":true},"org_id":{"type":"string","description_kind":"plain","computed":true}},"block_types":{"item":{"nesting_mode":"set","block":{"attributes":{"id":{"type":"string","description_kind":"plain","computed":true},"order":{"type":"number","description_kind":"plain","required":true},"title":{"type":"string","description_kind":"plain","required":true},"type":{"type":"string","description_kind":"plain","optional":true},"value":{"type":"string","description_kind":"plain","optional":true}},"description_kind":"plain"},"min_items":1}},"description":"\n\t\t* [Official documentation](https://grafana.com/docs/grafana/latest/dashboards/playlist/)\n\t\t* [HTTP API](https://grafana.com/docs/grafana/latest/http_api/playlist/)\n\t\t","description_kind":"markdown"}},"grafana_role":{"version":0,"block":{"attributes":{"description":{"type":"string","description":"Description of the role.","description_kind":"markdown","optional":true},"global":{"type":"bool","description":"Boolean to state whether the role is available across all organizations or not. Defaults to `false`.","description_kind":"markdown","optional":true},"id":{"type":"string","description_kind":"plain","optional":true,"computed":true},"name":{"type":"string","description":"Name of the role","description_kind":"markdown","required":true},"uid":{"type":"string","description":"Unique identifier of the role. Used for assignments.","description_kind":"markdown","optional":true,"computed":true},"version":{"type":"number","description":"Version of the role. A role is updated only on version increase.","description_kind":"markdown","required":true}},"block_types":{"permissions":{"nesting_mode":"set","block":{"attributes":{"action":{"type":"string","description":"Specific action users granted with the role will be allowed to perform (for example: `users:read`)","description_kind":"markdown","required":true},"scope":{"type":"string","description":"Scope to restrict the action to a set of resources (for example: `users:*` or `roles:customrole1`)","description_kind":"markdown","optional":true}},"description":"Specific set of actions granted by the role.","description_kind":"markdown"}}},"description":"\n**Note:** This resource is available only with Grafana Enterprise 8.+.\n\n* [Official documentation](https://grafana.com/docs/grafana/latest/enterprise/access-control/)\n* [HTTP API](https://grafana.com/docs/grafana/latest/http_api/access_control/)\n","description_kind":"markdown"}},"grafana_synthetic_monitoring_check":{"version":0,"block":{"attributes":{"alert_sensitivity":{"type":"string","description":"Can be set to `none`, `low`, `medium`, or `high` to correspond to the check [alert levels](https://grafana.com/docs/grafana-cloud/synthetic-monitoring/synthetic-monitoring-alerting/). Defaults to `none`.","description_kind":"markdown","optional":true},"basic_metrics_only":{"type":"bool","description":"Metrics are reduced by default. Set this to `false` if you'd like to publish all metrics. We maintain a [full list of metrics](https://github.com/grafana/synthetic-monitoring-agent/tree/main/internal/scraper/testdata) collected for each. Defaults to `true`.","description_kind":"markdown","optional":true},"enabled":{"type":"bool","description":"Whether to enable the check. Defaults to `true`.","description_kind":"markdown","optional":true},"frequency":{"type":"number","description":"How often the check runs in milliseconds (the value is not truly a \"frequency\" but a \"period\"). The minimum acceptable value is 1 second (1000 ms), and the maximum is 120 seconds (120000 ms). Defaults to `60000`.","description_kind":"markdown","optional":true},"id":{"type":"string","description":"The ID of the check.","description_kind":"markdown","computed":true},"job":{"type":"string","description":"Name used for job label.","description_kind":"markdown","required":true},"labels":{"type":["map","string"],"description":"Custom labels to be included with collected metrics and logs. The maximum number of labels that can be specified per check is 5. These are applied, along with the probe-specific labels, to the outgoing metrics. The names and values of the labels cannot be empty, and the maximum length is 32 bytes.","description_kind":"markdown","optional":true},"probes":{"type":["set","number"],"description":"List of probe location IDs where this target will be checked from.","description_kind":"markdown","required":true},"target":{"type":"string","description":"Hostname to ping.","description_kind":"markdown","required":true},"tenant_id":{"type":"number","description":"The tenant ID of the check.","description_kind":"markdown","computed":true},"timeout":{"type":"number","description":"Specifies the maximum running time for the check in milliseconds. The minimum acceptable value is 1 second (1000 ms), and the maximum 10 seconds (10000 ms). Defaults to `3000`.","description_kind":"markdown","optional":true}},"block_types":{"settings":{"nesting_mode":"set","block":{"block_types":{"dns":{"nesting_mode":"set","block":{"attributes":{"ip_version":{"type":"string","description":"Options are `V4`, `V6`, `Any`. Specifies whether the corresponding check will be performed using IPv4 or IPv6. The `Any` value indicates that IPv6 should be used, falling back to IPv4 if that's not available. Defaults to `V4`.","description_kind":"markdown","optional":true},"port":{"type":"number","description":"Port to target. Defaults to `53`.","description_kind":"markdown","optional":true},"protocol":{"type":"string","description":"`TCP` or `UDP`. Defaults to `UDP`.","description_kind":"markdown","optional":true},"record_type":{"type":"string","description":"One of `ANY`, `A`, `AAAA`, `CNAME`, `MX`, `NS`, `PTR`, `SOA`, `SRV`, `TXT`. Defaults to `A`.","description_kind":"markdown","optional":true},"server":{"type":"string","description":"DNS server address to target. Defaults to `8.8.8.8`.","description_kind":"markdown","optional":true},"source_ip_address":{"type":"string","description":"Source IP address.","description_kind":"markdown","optional":true},"valid_r_codes":{"type":["set","string"],"description":"List of valid response codes. Options include `NOERROR`, `BADALG`, `BADMODE`, `BADKEY`, `BADCOOKIE`, `BADNAME`, `BADSIG`, `BADTIME`, `BADTRUNC`, `BADVERS`, `FORMERR`, `NOTIMP`, `NOTAUTH`, `NOTZONE`, `NXDOMAIN`, `NXRRSET`, `REFUSED`, `SERVFAIL`, `YXDOMAIN`, `YXRRSET`.","description_kind":"markdown","optional":true}},"block_types":{"validate_additional_rrs":{"nesting_mode":"set","block":{"attributes":{"fail_if_matches_regexp":{"type":["set","string"],"description":"Fail if value matches regex.","description_kind":"markdown","optional":true},"fail_if_not_matches_regexp":{"type":["set","string"],"description":"Fail if value does not match regex.","description_kind":"markdown","optional":true}},"description":"Validate additional matches.","description_kind":"markdown"}},"validate_answer_rrs":{"nesting_mode":"set","block":{"attributes":{"fail_if_matches_regexp":{"type":["set","string"],"description":"Fail if value matches regex.","description_kind":"markdown","optional":true},"fail_if_not_matches_regexp":{"type":["set","string"],"description":"Fail if value does not match regex.","description_kind":"markdown","optional":true}},"description":"Validate response answer.","description_kind":"markdown"},"max_items":1},"validate_authority_rrs":{"nesting_mode":"set","block":{"attributes":{"fail_if_matches_regexp":{"type":["set","string"],"description":"Fail if value matches regex.","description_kind":"markdown","optional":true},"fail_if_not_matches_regexp":{"type":["set","string"],"description":"Fail if value does not match regex.","description_kind":"markdown","optional":true}},"description":"Validate response authority.","description_kind":"markdown"},"max_items":1}},"description":"Settings for DNS check. The target must be a valid hostname (or IP address for `PTR` records).","description_kind":"markdown"},"max_items":1},"http":{"nesting_mode":"set","block":{"attributes":{"bearer_token":{"type":"string","description":"Token for use with bearer authorization header.","description_kind":"markdown","optional":true},"body":{"type":"string","description":"The body of the HTTP request used in probe.","description_kind":"markdown","optional":true},"cache_busting_query_param_name":{"type":"string","description":"The name of the query parameter used to prevent the server from using a cached response. Each probe will assign a random value to this parameter each time a request is made.","description_kind":"markdown","optional":true},"fail_if_body_matches_regexp":{"type":["set","string"],"description":"List of regexes. If any match the response body, the check will fail.","description_kind":"markdown","optional":true},"fail_if_body_not_matches_regexp":{"type":["set","string"],"description":"List of regexes. If any do not match the response body, the check will fail.","description_kind":"markdown","optional":true},"fail_if_not_ssl":{"type":"bool","description":"Fail if SSL is not present. Defaults to `false`.","description_kind":"markdown","optional":true},"fail_if_ssl":{"type":"bool","description":"Fail if SSL is present. Defaults to `false`.","description_kind":"markdown","optional":true},"headers":{"type":["set","string"],"description":"The HTTP headers set for the probe.","description_kind":"markdown","optional":true},"ip_version":{"type":"string","description":"Options are `V4`, `V6`, `Any`. Specifies whether the corresponding check will be performed using IPv4 or IPv6. The `Any` value indicates that IPv6 should be used, falling back to IPv4 if that's not available. Defaults to `V4`.","description_kind":"markdown","optional":true},"method":{"type":"string","description":"Request method. One of `GET`, `CONNECT`, `DELETE`, `HEAD`, `OPTIONS`, `POST`, `PUT`, `TRACE` Defaults to `GET`.","description_kind":"markdown","optional":true},"no_follow_redirects":{"type":"bool","description":"Do not follow redirects. Defaults to `false`.","description_kind":"markdown","optional":true},"proxy_url":{"type":"string","description":"Proxy URL.","description_kind":"markdown","optional":true},"valid_http_versions":{"type":["set","string"],"description":"List of valid HTTP versions. Options include `HTTP/1.0`, `HTTP/1.1`, `HTTP/2`","description_kind":"markdown","optional":true},"valid_status_codes":{"type":["set","number"],"description":"Accepted status codes. If unset, defaults to 2xx.","description_kind":"markdown","optional":true}},"block_types":{"basic_auth":{"nesting_mode":"set","block":{"attributes":{"password":{"type":"string","description":"Basic auth password.","description_kind":"markdown","required":true},"username":{"type":"string","description":"Basic auth username.","description_kind":"markdown","required":true}},"description":"Basic auth settings.","description_kind":"markdown"},"max_items":1},"fail_if_header_matches_regexp":{"nesting_mode":"set","block":{"attributes":{"allow_missing":{"type":"bool","description":"Allow header to be missing from responses. Defaults to `false`.","description_kind":"markdown","optional":true},"header":{"type":"string","description":"Header name.","description_kind":"markdown","required":true},"regexp":{"type":"string","description":"Regex that header value should match.","description_kind":"markdown","required":true}},"description":"Check fails if headers match.","description_kind":"markdown"}},"fail_if_header_not_matches_regexp":{"nesting_mode":"set","block":{"attributes":{"allow_missing":{"type":"bool","description":"Allow header to be missing from responses. Defaults to `false`.","description_kind":"markdown","optional":true},"header":{"type":"string","description":"Header name.","description_kind":"markdown","required":true},"regexp":{"type":"string","description":"Regex that header value should match.","description_kind":"markdown","required":true}},"description":"Check fails if headers do not match.","description_kind":"markdown"}},"tls_config":{"nesting_mode":"set","block":{"attributes":{"ca_cert":{"type":"string","description":"CA certificate in PEM format.","description_kind":"markdown","optional":true},"client_cert":{"type":"string","description":"Client certificate in PEM format.","description_kind":"markdown","optional":true},"client_key":{"type":"string","description":"Client key in PEM format.","description_kind":"markdown","optional":true,"sensitive":true},"insecure_skip_verify":{"type":"bool","description":"Disable target certificate validation. Defaults to `false`.","description_kind":"markdown","optional":true},"server_name":{"type":"string","description":"Used to verify the hostname for the targets.","description_kind":"markdown","optional":true}},"description":"TLS config.","description_kind":"markdown"},"max_items":1}},"description":"Settings for HTTP check. The target must be a URL (http or https).","description_kind":"markdown"},"max_items":1},"ping":{"nesting_mode":"set","block":{"attributes":{"dont_fragment":{"type":"bool","description":"Set the DF-bit in the IP-header. Only works with ipV4. Defaults to `false`.","description_kind":"markdown","optional":true},"ip_version":{"type":"string","description":"Options are `V4`, `V6`, `Any`. Specifies whether the corresponding check will be performed using IPv4 or IPv6. The `Any` value indicates that IPv6 should be used, falling back to IPv4 if that's not available. Defaults to `V4`.","description_kind":"markdown","optional":true},"payload_size":{"type":"number","description":"Payload size. Defaults to `0`.","description_kind":"markdown","optional":true},"source_ip_address":{"type":"string","description":"Source IP address.","description_kind":"markdown","optional":true}},"description":"Settings for ping (ICMP) check. The target must be a valid hostname or IP address.","description_kind":"markdown"},"max_items":1},"tcp":{"nesting_mode":"set","block":{"attributes":{"ip_version":{"type":"string","description":"Options are `V4`, `V6`, `Any`. Specifies whether the corresponding check will be performed using IPv4 or IPv6. The `Any` value indicates that IPv6 should be used, falling back to IPv4 if that's not available. Defaults to `V4`.","description_kind":"markdown","optional":true},"source_ip_address":{"type":"string","description":"Source IP address.","description_kind":"markdown","optional":true},"tls":{"type":"bool","description":"Whether or not TLS is used when the connection is initiated. Defaults to `false`.","description_kind":"markdown","optional":true}},"block_types":{"query_response":{"nesting_mode":"set","block":{"attributes":{"expect":{"type":"string","description":"Response to expect.","description_kind":"markdown","required":true},"send":{"type":"string","description":"Data to send.","description_kind":"markdown","required":true},"start_tls":{"type":"bool","description":"Upgrade TCP connection to TLS. Defaults to `false`.","description_kind":"markdown","optional":true}},"description":"The query sent in the TCP probe and the expected associated response.","description_kind":"markdown"}},"tls_config":{"nesting_mode":"set","block":{"attributes":{"ca_cert":{"type":"string","description":"CA certificate in PEM format.","description_kind":"markdown","optional":true},"client_cert":{"type":"string","description":"Client certificate in PEM format.","description_kind":"markdown","optional":true},"client_key":{"type":"string","description":"Client key in PEM format.","description_kind":"markdown","optional":true,"sensitive":true},"insecure_skip_verify":{"type":"bool","description":"Disable target certificate validation. Defaults to `false`.","description_kind":"markdown","optional":true},"server_name":{"type":"string","description":"Used to verify the hostname for the targets.","description_kind":"markdown","optional":true}},"description":"TLS config.","description_kind":"markdown"},"max_items":1}},"description":"Settings for TCP check. The target must be of the form `\u003chost\u003e:\u003cport\u003e`, where the host portion must be a valid hostname or IP address.","description_kind":"markdown"},"max_items":1},"traceroute":{"nesting_mode":"set","block":{"attributes":{"max_hops":{"type":"number","description":"Maximum TTL for the trace Defaults to `64`.","description_kind":"markdown","optional":true},"max_unknown_hops":{"type":"number","description":"Maximum number of hosts to travers that give no response Defaults to `15`.","description_kind":"markdown","optional":true},"ptr_lookup":{"type":"bool","description":"Reverse lookup hostnames from IP addresses Defaults to `true`.","description_kind":"markdown","optional":true}},"description":"Settings for traceroute check. The target must be a valid hostname or IP address","description_kind":"markdown"},"max_items":1}},"description":"Check settings. Should contain exactly one nested block.","description_kind":"markdown"},"min_items":1,"max_items":1}},"description":"\nSynthetic Monitoring checks are tests that run on selected probes at defined\nintervals and report metrics and logs back to your Grafana Cloud account. The\ntarget for checks can be a domain name, a server, or a website, depending on\nwhat information you would like to gather about your endpoint. You can define\nmultiple checks for a single endpoint to check different capabilities.\n\n* [Official documentation](https://grafana.com/docs/grafana-cloud/synthetic-monitoring/checks/)\n","description_kind":"markdown"}},"grafana_synthetic_monitoring_probe":{"version":0,"block":{"attributes":{"auth_token":{"type":"string","description":"The probe authentication token. Your probe must use this to authenticate with Grafana Cloud.","description_kind":"markdown","computed":true,"sensitive":true},"id":{"type":"string","description":"The ID of the probe.","description_kind":"markdown","computed":true},"labels":{"type":["map","string"],"description":"Custom labels to be included with collected metrics and logs.","description_kind":"markdown","optional":true},"latitude":{"type":"number","description":"Latitude coordinates.","description_kind":"markdown","required":true},"longitude":{"type":"number","description":"Longitude coordinates.","description_kind":"markdown","required":true},"name":{"type":"string","description":"Name of the probe.","description_kind":"markdown","required":true},"public":{"type":"bool","description":"Public probes are run by Grafana Labs and can be used by all users. Only Grafana Labs managed public probes will be set to `true`. Defaults to `false`.","description_kind":"markdown","optional":true},"region":{"type":"string","description":"Region of the probe.","description_kind":"markdown","required":true},"tenant_id":{"type":"number","description":"The tenant ID of the probe.","description_kind":"markdown","computed":true}},"description":"\nBesides the public probes run by Grafana Labs, you can also install your\nown private probes. These are only accessible to you and only write data to\nyour Grafana Cloud account. Private probes are instances of the open source\nGrafana Synthetic Monitoring Agent.\n\n* [Official documentation](https://grafana.com/docs/grafana-cloud/synthetic-monitoring/private-probes/)\n","description_kind":"markdown"}},"grafana_team":{"version":0,"block":{"attributes":{"email":{"type":"string","description":"An email address for the team.","description_kind":"markdown","optional":true},"id":{"type":"string","description_kind":"plain","optional":true,"computed":true},"members":{"type":["list","string"],"description":"A list of email addresses corresponding to users who should be given membership\nto the team. Note: users specified here must already exist in Grafana.","description_kind":"markdown","optional":true},"name":{"type":"string","description":"The display name for the Grafana team created.","description_kind":"markdown","required":true},"team_id":{"type":"number","description":"The team id assigned to this team by Grafana.","description_kind":"markdown","computed":true}},"description":"\n* [Official documentation](https://grafana.com/docs/grafana/latest/manage-users/manage-teams/)\n* [HTTP API](https://grafana.com/docs/grafana/latest/http_api/team/)\n","description_kind":"markdown"}},"grafana_team_external_group":{"version":0,"block":{"attributes":{"groups":{"type":["set","string"],"description":"The team external groups list","description_kind":"markdown","required":true},"id":{"type":"string","description_kind":"plain","optional":true,"computed":true},"team_id":{"type":"number","description":"The Team ID","description_kind":"markdown","required":true}},"description":"\n* [Official documentation](https://grafana.com/docs/grafana/latest/enterprise/team-sync/)\n* [HTTP API](https://grafana.com/docs/grafana/latest/http_api/external_group_sync/)\n","description_kind":"markdown"}},"grafana_team_preferences":{"version":0,"block":{"attributes":{"home_dashboard_id":{"type":"number","description":"The numeric ID of the dashboard to display when a team member logs in.","description_kind":"markdown","optional":true},"id":{"type":"string","description_kind":"plain","optional":true,"computed":true},"team_id":{"type":"number","description":"The numeric team ID.","description_kind":"markdown","required":true},"theme":{"type":"string","description":"The theme for the specified team. Available themes are `light`, `dark`, or an empty string for the default theme.","description_kind":"markdown","optional":true},"timezone":{"type":"string","description":"The timezone for the specified team. Available values are `utc`, `browser`, or an empty string for the default.","description_kind":"markdown","optional":true}},"description":"\n* [Official documentation](https://grafana.com/docs/grafana/latest/administration/preferences/)\n* [HTTP API](https://grafana.com/docs/grafana/latest/http_api/team/)\n","description_kind":"markdown"}},"grafana_user":{"version":0,"block":{"attributes":{"email":{"type":"string","description":"The email address of the Grafana user.","description_kind":"markdown","required":true},"id":{"type":"string","description_kind":"plain","optional":true,"computed":true},"is_admin":{"type":"bool","description":"Whether to make user an admin. Defaults to `false`.","description_kind":"markdown","optional":true},"login":{"type":"string","description":"The username for the Grafana user.","description_kind":"markdown","optional":true},"name":{"type":"string","description":"The display name for the Grafana user.","description_kind":"markdown","optional":true},"password":{"type":"string","description":"The password for the Grafana user.","description_kind":"markdown","required":true,"sensitive":true},"user_id":{"type":"number","description":"The numerical ID of the Grafana user.","description_kind":"markdown","computed":true}},"description":"\n* [Official documentation](https://grafana.com/docs/grafana/latest/manage-users/server-admin/server-admin-manage-users/)\n* [HTTP API](https://grafana.com/docs/grafana/latest/http_api/user/)\n\nThis resource uses Grafana's admin APIs for creating and updating users which\ndoes not currently work with API Tokens. You must use basic auth.\n","description_kind":"markdown"}}},"data_source_schemas":{"grafana_folder":{"version":0,"block":{"attributes":{"id":{"type":"number","description":"The numerical ID of the Grafana folder.","description_kind":"markdown","computed":true},"title":{"type":"string","description":"The name of the Grafana folder.","description_kind":"markdown","required":true},"uid":{"type":"string","description":"The uid of the Grafana folder.","description_kind":"markdown","computed":true}},"description":"\n* [Official documentation](https://grafana.com/docs/grafana/latest/dashboards/dashboard_folders/)\n* [HTTP API](https://grafana.com/docs/grafana/latest/http_api/folder/)\n","description_kind":"markdown"}},"grafana_synthetic_monitoring_probe":{"version":0,"block":{"attributes":{"id":{"type":"string","description":"The ID of the probe.","description_kind":"markdown","computed":true},"labels":{"type":["map","string"],"description":"Custom labels to be included with collected metrics and logs.","description_kind":"markdown","computed":true},"latitude":{"type":"number","description":"Latitude coordinates.","description_kind":"markdown","computed":true},"longitude":{"type":"number","description":"Longitude coordinates.","description_kind":"markdown","computed":true},"name":{"type":"string","description":"Name of the probe.","description_kind":"markdown","required":true},"public":{"type":"bool","description":"Public probes are run by Grafana Labs and can be used by all users. Only Grafana Labs managed public probes will be set to `true`.","description_kind":"markdown","computed":true},"region":{"type":"string","description":"Region of the probe.","description_kind":"markdown","computed":true},"tenant_id":{"type":"number","description":"The tenant ID of the probe.","description_kind":"markdown","computed":true}},"description":"Data source for retrieving a single probe by name.","description_kind":"markdown"}},"grafana_synthetic_monitoring_probes":{"version":0,"block":{"attributes":{"filter_deprecated":{"type":"bool","description":"If true, only probes that are not deprecated will be returned. Defaults to `true`.","description_kind":"markdown","optional":true},"id":{"type":"string","description_kind":"plain","optional":true,"computed":true},"probes":{"type":["map","number"],"description":"Map of probes with their names as keys and IDs as values.","description_kind":"markdown","computed":true}},"description":"Data source for retrieving all probes.","description_kind":"markdown"}},"grafana_user":{"version":0,"block":{"attributes":{"email":{"type":"string","description":"The email address of the Grafana user. Defaults to ``.","description_kind":"markdown","optional":true},"id":{"type":"string","description_kind":"plain","optional":true,"computed":true},"is_admin":{"type":"bool","description":"Whether the user is an admin.","description_kind":"markdown","computed":true},"login":{"type":"string","description":"The username for the Grafana user. Defaults to ``.","description_kind":"markdown","optional":true},"name":{"type":"string","description":"The display name for the Grafana user.","description_kind":"markdown","computed":true},"user_id":{"type":"number","description":"The numerical ID of the Grafana user. Defaults to `-1`.","description_kind":"markdown","optional":true}},"description":"\n* [Official documentation](https://grafana.com/docs/grafana/latest/manage-users/server-admin/server-admin-manage-users/)\n* [HTTP API](https://grafana.com/docs/grafana/latest/http_api/user/)\n\nThis resource uses Grafana's admin APIs for creating and updating users which\ndoes not currently work with API Tokens. You must use basic auth.\n","description_kind":"markdown"}}}}}}
